// !$*UTF8*$!
{
	archiveVersion = 1;
	classes = {
	};
	objectVersion = 51;
	objects = {

/* Begin PBXBuildFile section */
		C09AD30D238FFE0F005C787A /* AppDelegate.swift in Sources */ = {isa = PBXBuildFile; fileRef = C09AD30C238FFE0F005C787A /* AppDelegate.swift */; };
		C09AD311238FFE0F005C787A /* ViewController.swift in Sources */ = {isa = PBXBuildFile; fileRef = C09AD310238FFE0F005C787A /* ViewController.swift */; };
		C09AD314238FFE0F005C787A /* Main.storyboard in Resources */ = {isa = PBXBuildFile; fileRef = C09AD312238FFE0F005C787A /* Main.storyboard */; };
		C09AD316238FFE10005C787A /* Assets.xcassets in Resources */ = {isa = PBXBuildFile; fileRef = C09AD315238FFE10005C787A /* Assets.xcassets */; };
		C09AD319238FFE10005C787A /* LaunchScreen.storyboard in Resources */ = {isa = PBXBuildFile; fileRef = C09AD317238FFE10005C787A /* LaunchScreen.storyboard */; };
		C0FE20572394540F003A6701 /* TextStyle.swift in Sources */ = {isa = PBXBuildFile; fileRef = C0FE20552394540F003A6701 /* TextStyle.swift */; };
		C0FE20582394540F003A6701 /* Colors.swift in Sources */ = {isa = PBXBuildFile; fileRef = C0FE20562394540F003A6701 /* Colors.swift */; };
		C0FE2066239573BF003A6701 /* SF-Pro-Display-Light.otf in Resources */ = {isa = PBXBuildFile; fileRef = C0FE205C239573BF003A6701 /* SF-Pro-Display-Light.otf */; };
		C0FE2067239573BF003A6701 /* SF-Pro-Display-Regular.otf in Resources */ = {isa = PBXBuildFile; fileRef = C0FE205D239573BF003A6701 /* SF-Pro-Display-Regular.otf */; };
		C0FE2068239573BF003A6701 /* SF-Pro-Display-Bold.otf in Resources */ = {isa = PBXBuildFile; fileRef = C0FE205E239573BF003A6701 /* SF-Pro-Display-Bold.otf */; };
		C0FE2069239573BF003A6701 /* SF-Pro-Display-Medium.otf in Resources */ = {isa = PBXBuildFile; fileRef = C0FE205F239573BF003A6701 /* SF-Pro-Display-Medium.otf */; };
		C0FE206B239573BF003A6701 /* SF-Pro-Display-Semibold.otf in Resources */ = {isa = PBXBuildFile; fileRef = C0FE2061239573BF003A6701 /* SF-Pro-Display-Semibold.otf */; };
/* End PBXBuildFile section */

/* Begin PBXFileReference section */
		C09AD309238FFE0F005C787A /* FigmaGenDemo.app */ = {isa = PBXFileReference; explicitFileType = wrapper.application; includeInIndex = 0; path = FigmaGenDemo.app; sourceTree = BUILT_PRODUCTS_DIR; };
		C09AD30C238FFE0F005C787A /* AppDelegate.swift */ = {isa = PBXFileReference; lastKnownFileType = sourcecode.swift; path = AppDelegate.swift; sourceTree = "<group>"; };
		C09AD310238FFE0F005C787A /* ViewController.swift */ = {isa = PBXFileReference; lastKnownFileType = sourcecode.swift; path = ViewController.swift; sourceTree = "<group>"; };
		C09AD313238FFE0F005C787A /* Base */ = {isa = PBXFileReference; lastKnownFileType = file.storyboard; name = Base; path = Base.lproj/Main.storyboard; sourceTree = "<group>"; };
		C09AD315238FFE10005C787A /* Assets.xcassets */ = {isa = PBXFileReference; lastKnownFileType = folder.assetcatalog; path = Assets.xcassets; sourceTree = "<group>"; };
		C09AD318238FFE10005C787A /* Base */ = {isa = PBXFileReference; lastKnownFileType = file.storyboard; name = Base; path = Base.lproj/LaunchScreen.storyboard; sourceTree = "<group>"; };
		C09AD31A238FFE10005C787A /* Info.plist */ = {isa = PBXFileReference; lastKnownFileType = text.plist.xml; path = Info.plist; sourceTree = "<group>"; };
		C0FE20552394540F003A6701 /* TextStyle.swift */ = {isa = PBXFileReference; fileEncoding = 4; lastKnownFileType = sourcecode.swift; path = TextStyle.swift; sourceTree = "<group>"; };
		C0FE20562394540F003A6701 /* Colors.swift */ = {isa = PBXFileReference; fileEncoding = 4; lastKnownFileType = sourcecode.swift; path = Colors.swift; sourceTree = "<group>"; };
		C0FE205C239573BF003A6701 /* SF-Pro-Display-Light.otf */ = {isa = PBXFileReference; lastKnownFileType = file; path = "SF-Pro-Display-Light.otf"; sourceTree = "<group>"; };
		C0FE205D239573BF003A6701 /* SF-Pro-Display-Regular.otf */ = {isa = PBXFileReference; lastKnownFileType = file; path = "SF-Pro-Display-Regular.otf"; sourceTree = "<group>"; };
		C0FE205E239573BF003A6701 /* SF-Pro-Display-Bold.otf */ = {isa = PBXFileReference; lastKnownFileType = file; path = "SF-Pro-Display-Bold.otf"; sourceTree = "<group>"; };
		C0FE205F239573BF003A6701 /* SF-Pro-Display-Medium.otf */ = {isa = PBXFileReference; lastKnownFileType = file; path = "SF-Pro-Display-Medium.otf"; sourceTree = "<group>"; };
		C0FE2061239573BF003A6701 /* SF-Pro-Display-Semibold.otf */ = {isa = PBXFileReference; lastKnownFileType = file; path = "SF-Pro-Display-Semibold.otf"; sourceTree = "<group>"; };
/* End PBXFileReference section */

/* Begin PBXFrameworksBuildPhase section */
		C09AD306238FFE0F005C787A /* Frameworks */ = {
			isa = PBXFrameworksBuildPhase;
			buildActionMask = 2147483647;
			files = (
			);
			runOnlyForDeploymentPostprocessing = 0;
		};
/* End PBXFrameworksBuildPhase section */

/* Begin PBXGroup section */
		ADEF70126F46E67B4691E364 /* Pods */ = {
			isa = PBXGroup;
			children = (
			);
			path = Pods;
			sourceTree = "<group>";
		};
		C05B3B762393CF020042A8AA /* Resources */ = {
			isa = PBXGroup;
			children = (
				C0FE205B239573BF003A6701 /* Fonts */,
				C09AD315238FFE10005C787A /* Assets.xcassets */,
				C09AD317238FFE10005C787A /* LaunchScreen.storyboard */,
				C09AD312238FFE0F005C787A /* Main.storyboard */,
			);
			path = Resources;
			sourceTree = "<group>";
		};
		C09AD300238FFE0F005C787A = {
			isa = PBXGroup;
			children = (
				C09AD30B238FFE0F005C787A /* FigmaGenDemo */,
				C09AD30A238FFE0F005C787A /* Products */,
				ADEF70126F46E67B4691E364 /* Pods */,
			);
			sourceTree = "<group>";
		};
		C09AD30A238FFE0F005C787A /* Products */ = {
			isa = PBXGroup;
			children = (
				C09AD309238FFE0F005C787A /* FigmaGenDemo.app */,
			);
			name = Products;
			sourceTree = "<group>";
		};
		C09AD30B238FFE0F005C787A /* FigmaGenDemo */ = {
			isa = PBXGroup;
			children = (
				C0FE205423945089003A6701 /* Generated */,
				C05B3B762393CF020042A8AA /* Resources */,
				C09AD30C238FFE0F005C787A /* AppDelegate.swift */,
				C09AD310238FFE0F005C787A /* ViewController.swift */,
				C09AD31A238FFE10005C787A /* Info.plist */,
			);
			path = FigmaGenDemo;
			sourceTree = "<group>";
		};
		C0FE205423945089003A6701 /* Generated */ = {
			isa = PBXGroup;
			children = (
				C0FE20562394540F003A6701 /* Colors.swift */,
				C0FE20552394540F003A6701 /* TextStyle.swift */,
			);
			path = Generated;
			sourceTree = "<group>";
		};
		C0FE205B239573BF003A6701 /* Fonts */ = {
			isa = PBXGroup;
			children = (
				C0FE205E239573BF003A6701 /* SF-Pro-Display-Bold.otf */,
				C0FE205C239573BF003A6701 /* SF-Pro-Display-Light.otf */,
				C0FE205F239573BF003A6701 /* SF-Pro-Display-Medium.otf */,
				C0FE205D239573BF003A6701 /* SF-Pro-Display-Regular.otf */,
				C0FE2061239573BF003A6701 /* SF-Pro-Display-Semibold.otf */,
			);
			path = Fonts;
			sourceTree = "<group>";
		};
/* End PBXGroup section */

/* Begin PBXNativeTarget section */
		C09AD308238FFE0F005C787A /* FigmaGenDemo */ = {
			isa = PBXNativeTarget;
			buildConfigurationList = C09AD31D238FFE10005C787A /* Build configuration list for PBXNativeTarget "FigmaGenDemo" */;
			buildPhases = (
				C09AD305238FFE0F005C787A /* Sources */,
				C09AD306238FFE0F005C787A /* Frameworks */,
				C09AD307238FFE0F005C787A /* Resources */,
			);
			buildRules = (
			);
			dependencies = (
			);
			name = FigmaGenDemo;
			productName = FigmaGenDemo;
			productReference = C09AD309238FFE0F005C787A /* FigmaGenDemo.app */;
			productType = "com.apple.product-type.application";
		};
/* End PBXNativeTarget section */

/* Begin PBXProject section */
		C09AD301238FFE0F005C787A /* Project object */ = {
			isa = PBXProject;
			attributes = {
				LastSwiftUpdateCheck = 1120;
				LastUpgradeCheck = 1120;
				ORGANIZATIONNAME = HeadHunter;
				TargetAttributes = {
					C09AD308238FFE0F005C787A = {
						CreatedOnToolsVersion = 11.2.1;
					};
				};
			};
			buildConfigurationList = C09AD304238FFE0F005C787A /* Build configuration list for PBXProject "FigmaGenDemo" */;
			compatibilityVersion = "Xcode 10.0";
			developmentRegion = en;
			hasScannedForEncodings = 0;
			knownRegions = (
				en,
				Base,
			);
			mainGroup = C09AD300238FFE0F005C787A;
			productRefGroup = C09AD30A238FFE0F005C787A /* Products */;
			projectDirPath = "";
			projectRoot = "";
			targets = (
				C09AD308238FFE0F005C787A /* FigmaGenDemo */,
			);
		};
/* End PBXProject section */

/* Begin PBXResourcesBuildPhase section */
		C09AD307238FFE0F005C787A /* Resources */ = {
			isa = PBXResourcesBuildPhase;
			buildActionMask = 2147483647;
			files = (
				C09AD319238FFE10005C787A /* LaunchScreen.storyboard in Resources */,
				C09AD316238FFE10005C787A /* Assets.xcassets in Resources */,
				C0FE2068239573BF003A6701 /* SF-Pro-Display-Bold.otf in Resources */,
				C0FE2066239573BF003A6701 /* SF-Pro-Display-Light.otf in Resources */,
				C0FE2067239573BF003A6701 /* SF-Pro-Display-Regular.otf in Resources */,
				C0FE206B239573BF003A6701 /* SF-Pro-Display-Semibold.otf in Resources */,
				C09AD314238FFE0F005C787A /* Main.storyboard in Resources */,
				C0FE2069239573BF003A6701 /* SF-Pro-Display-Medium.otf in Resources */,
			);
			runOnlyForDeploymentPostprocessing = 0;
		};
/* End PBXResourcesBuildPhase section */

/* Begin PBXSourcesBuildPhase section */
		C09AD305238FFE0F005C787A /* Sources */ = {
			isa = PBXSourcesBuildPhase;
			buildActionMask = 2147483647;
			files = (
				C0FE20572394540F003A6701 /* TextStyle.swift in Sources */,
				C0FE20582394540F003A6701 /* Colors.swift in Sources */,
				C09AD311238FFE0F005C787A /* ViewController.swift in Sources */,
				C09AD30D238FFE0F005C787A /* AppDelegate.swift in Sources */,
			);
			runOnlyForDeploymentPostprocessing = 0;
		};
/* End PBXSourcesBuildPhase section */

/* Begin PBXVariantGroup section */
		C09AD312238FFE0F005C787A /* Main.storyboard */ = {
			isa = PBXVariantGroup;
			children = (
				C09AD313238FFE0F005C787A /* Base */,
			);
			name = Main.storyboard;
			sourceTree = "<group>";
		};
		C09AD317238FFE10005C787A /* LaunchScreen.storyboard */ = {
			isa = PBXVariantGroup;
			children = (
				C09AD318238FFE10005C787A /* Base */,
			);
			name = LaunchScreen.storyboard;
			sourceTree = "<group>";
		};
/* End PBXVariantGroup section */

/* Begin XCBuildConfiguration section */
		C09AD31B238FFE10005C787A /* Debug */ = {
			isa = XCBuildConfiguration;
			buildSettings = {
				ALWAYS_SEARCH_USER_PATHS = NO;
				CLANG_ANALYZER_NONNULL = YES;
				CLANG_ANALYZER_NUMBER_OBJECT_CONVERSION = YES_AGGRESSIVE;
				CLANG_CXX_LANGUAGE_STANDARD = "gnu++14";
				CLANG_CXX_LIBRARY = "libc++";
				CLANG_ENABLE_MODULES = YES;
				CLANG_ENABLE_OBJC_ARC = YES;
				CLANG_ENABLE_OBJC_WEAK = YES;
				CLANG_WARN_BLOCK_CAPTURE_AUTORELEASING = YES;
				CLANG_WARN_BOOL_CONVERSION = YES;
				CLANG_WARN_COMMA = YES;
				CLANG_WARN_CONSTANT_CONVERSION = YES;
				CLANG_WARN_DEPRECATED_OBJC_IMPLEMENTATIONS = YES;
				CLANG_WARN_DIRECT_OBJC_ISA_USAGE = YES_ERROR;
				CLANG_WARN_DOCUMENTATION_COMMENTS = YES;
				CLANG_WARN_EMPTY_BODY = YES;
				CLANG_WARN_ENUM_CONVERSION = YES;
				CLANG_WARN_INFINITE_RECURSION = YES;
				CLANG_WARN_INT_CONVERSION = YES;
				CLANG_WARN_NON_LITERAL_NULL_CONVERSION = YES;
				CLANG_WARN_OBJC_IMPLICIT_RETAIN_SELF = YES;
				CLANG_WARN_OBJC_LITERAL_CONVERSION = YES;
				CLANG_WARN_OBJC_ROOT_CLASS = YES_ERROR;
				CLANG_WARN_RANGE_LOOP_ANALYSIS = YES;
				CLANG_WARN_STRICT_PROTOTYPES = YES;
				CLANG_WARN_SUSPICIOUS_MOVE = YES;
				CLANG_WARN_UNGUARDED_AVAILABILITY = YES_AGGRESSIVE;
				CLANG_WARN_UNREACHABLE_CODE = YES;
				CLANG_WARN__DUPLICATE_METHOD_MATCH = YES;
				COPY_PHASE_STRIP = NO;
				DEBUG_INFORMATION_FORMAT = dwarf;
				ENABLE_STRICT_OBJC_MSGSEND = YES;
				ENABLE_TESTABILITY = YES;
				GCC_C_LANGUAGE_STANDARD = gnu11;
				GCC_DYNAMIC_NO_PIC = NO;
				GCC_NO_COMMON_BLOCKS = YES;
				GCC_OPTIMIZATION_LEVEL = 0;
				GCC_PREPROCESSOR_DEFINITIONS = (
					"DEBUG=1",
					"$(inherited)",
				);
				GCC_WARN_64_TO_32_BIT_CONVERSION = YES;
				GCC_WARN_ABOUT_RETURN_TYPE = YES_ERROR;
				GCC_WARN_UNDECLARED_SELECTOR = YES;
				GCC_WARN_UNINITIALIZED_AUTOS = YES_AGGRESSIVE;
				GCC_WARN_UNUSED_FUNCTION = YES;
				GCC_WARN_UNUSED_VARIABLE = YES;
				IPHONEOS_DEPLOYMENT_TARGET = 10.0;
				MTL_ENABLE_DEBUG_INFO = INCLUDE_SOURCE;
				MTL_FAST_MATH = YES;
				ONLY_ACTIVE_ARCH = YES;
				SDKROOT = iphoneos;
				SWIFT_ACTIVE_COMPILATION_CONDITIONS = DEBUG;
				SWIFT_OPTIMIZATION_LEVEL = "-Onone";
			};
			name = Debug;
		};
		C09AD31C238FFE10005C787A /* Release */ = {
			isa = XCBuildConfiguration;
			buildSettings = {
				ALWAYS_SEARCH_USER_PATHS = NO;
				CLANG_ANALYZER_NONNULL = YES;
				CLANG_ANALYZER_NUMBER_OBJECT_CONVERSION = YES_AGGRESSIVE;
				CLANG_CXX_LANGUAGE_STANDARD = "gnu++14";
				CLANG_CXX_LIBRARY = "libc++";
				CLANG_ENABLE_MODULES = YES;
				CLANG_ENABLE_OBJC_ARC = YES;
				CLANG_ENABLE_OBJC_WEAK = YES;
				CLANG_WARN_BLOCK_CAPTURE_AUTORELEASING = YES;
				CLANG_WARN_BOOL_CONVERSION = YES;
				CLANG_WARN_COMMA = YES;
				CLANG_WARN_CONSTANT_CONVERSION = YES;
				CLANG_WARN_DEPRECATED_OBJC_IMPLEMENTATIONS = YES;
				CLANG_WARN_DIRECT_OBJC_ISA_USAGE = YES_ERROR;
				CLANG_WARN_DOCUMENTATION_COMMENTS = YES;
				CLANG_WARN_EMPTY_BODY = YES;
				CLANG_WARN_ENUM_CONVERSION = YES;
				CLANG_WARN_INFINITE_RECURSION = YES;
				CLANG_WARN_INT_CONVERSION = YES;
				CLANG_WARN_NON_LITERAL_NULL_CONVERSION = YES;
				CLANG_WARN_OBJC_IMPLICIT_RETAIN_SELF = YES;
				CLANG_WARN_OBJC_LITERAL_CONVERSION = YES;
				CLANG_WARN_OBJC_ROOT_CLASS = YES_ERROR;
				CLANG_WARN_RANGE_LOOP_ANALYSIS = YES;
				CLANG_WARN_STRICT_PROTOTYPES = YES;
				CLANG_WARN_SUSPICIOUS_MOVE = YES;
				CLANG_WARN_UNGUARDED_AVAILABILITY = YES_AGGRESSIVE;
				CLANG_WARN_UNREACHABLE_CODE = YES;
				CLANG_WARN__DUPLICATE_METHOD_MATCH = YES;
				COPY_PHASE_STRIP = NO;
				DEBUG_INFORMATION_FORMAT = "dwarf-with-dsym";
				ENABLE_NS_ASSERTIONS = NO;
				ENABLE_STRICT_OBJC_MSGSEND = YES;
				GCC_C_LANGUAGE_STANDARD = gnu11;
				GCC_NO_COMMON_BLOCKS = YES;
				GCC_WARN_64_TO_32_BIT_CONVERSION = YES;
				GCC_WARN_ABOUT_RETURN_TYPE = YES_ERROR;
				GCC_WARN_UNDECLARED_SELECTOR = YES;
				GCC_WARN_UNINITIALIZED_AUTOS = YES_AGGRESSIVE;
				GCC_WARN_UNUSED_FUNCTION = YES;
				GCC_WARN_UNUSED_VARIABLE = YES;
				IPHONEOS_DEPLOYMENT_TARGET = 10.0;
				MTL_ENABLE_DEBUG_INFO = NO;
				MTL_FAST_MATH = YES;
				SDKROOT = iphoneos;
				SWIFT_COMPILATION_MODE = wholemodule;
				SWIFT_OPTIMIZATION_LEVEL = "-O";
				VALIDATE_PRODUCT = YES;
			};
			name = Release;
		};
		C09AD31E238FFE10005C787A /* Debug */ = {
			isa = XCBuildConfiguration;
			buildSettings = {
				ASSETCATALOG_COMPILER_APPICON_NAME = AppIcon;
				CODE_SIGN_STYLE = Automatic;
				INFOPLIST_FILE = FigmaGenDemo/Info.plist;
				LD_RUNPATH_SEARCH_PATHS = (
					"$(inherited)",
					"@executable_path/Frameworks",
				);
				PRODUCT_BUNDLE_IDENTIFIER = com.self.FigmaGenDemo;
				PRODUCT_NAME = "$(TARGET_NAME)";
				SWIFT_VERSION = 5.0;
				TARGETED_DEVICE_FAMILY = "1,2";
			};
			name = Debug;
		};
		C09AD31F238FFE10005C787A /* Release */ = {
			isa = XCBuildConfiguration;
			buildSettings = {
				ASSETCATALOG_COMPILER_APPICON_NAME = AppIcon;
				CODE_SIGN_STYLE = Automatic;
				INFOPLIST_FILE = FigmaGenDemo/Info.plist;
				LD_RUNPATH_SEARCH_PATHS = (
					"$(inherited)",
					"@executable_path/Frameworks",
				);
				PRODUCT_BUNDLE_IDENTIFIER = com.self.FigmaGenDemo;
				PRODUCT_NAME = "$(TARGET_NAME)";
				SWIFT_VERSION = 5.0;
				TARGETED_DEVICE_FAMILY = "1,2";
			};
			name = Release;
		};
/* End XCBuildConfiguration section */

/* Begin XCConfigurationList section */
		C09AD304238FFE0F005C787A /* Build configuration list for PBXProject "FigmaGenDemo" */ = {
			isa = XCConfigurationList;
			buildConfigurations = (
				C09AD31B238FFE10005C787A /* Debug */,
				C09AD31C238FFE10005C787A /* Release */,
			);
			defaultConfigurationIsVisible = 0;
			defaultConfigurationName = Release;
		};
		C09AD31D238FFE10005C787A /* Build configuration list for PBXNativeTarget "FigmaGenDemo" */ = {
			isa = XCConfigurationList;
			buildConfigurations = (
				C09AD31E238FFE10005C787A /* Debug */,
				C09AD31F238FFE10005C787A /* Release */,
			);
			defaultConfigurationIsVisible = 0;
			defaultConfigurationName = Release;
		};
/* End XCConfigurationList section */
	};
	rootObject = C09AD301238FFE0F005C787A /* Project object */;
}
