// !$*UTF8*$!
{
	archiveVersion = 1;
	classes = {
	};
	objectVersion = 52;
	objects = {

/* Begin PBXBuildFile section */
		0CEFBD150631EBC2D1E8D5C9 /* Pods_FigmaGen.framework in Frameworks */ = {isa = PBXBuildFile; fileRef = A7CCE646935D17668E376318 /* Pods_FigmaGen.framework */; };
		275066ECF0967BD89155A3A8 /* Pods_FigmaGenTests.framework in Frameworks */ = {isa = PBXBuildFile; fileRef = A1FBD58D183E7F79857C9AD1 /* Pods_FigmaGenTests.framework */; };
		C00380B02358929700E57CCE /* FigmaAPIProvider.swift in Sources */ = {isa = PBXBuildFile; fileRef = C00380AF2358929700E57CCE /* FigmaAPIProvider.swift */; };
		C05FD336235CBBE90042552E /* UnkeyedDecodingContainer+Extensions.swift in Sources */ = {isa = PBXBuildFile; fileRef = C05FD32F235CBBE90042552E /* UnkeyedDecodingContainer+Extensions.swift */; };
		C05FD33A235CBBE90042552E /* SingleValueDecodingContainer+Extensions.swift in Sources */ = {isa = PBXBuildFile; fileRef = C05FD333235CBBE90042552E /* SingleValueDecodingContainer+Extensions.swift */; };
		C05FD33C235CBBE90042552E /* KeyedDecodingContainerProtocol+Extensions.swift in Sources */ = {isa = PBXBuildFile; fileRef = C05FD335235CBBE90042552E /* KeyedDecodingContainerProtocol+Extensions.swift */; };
		C05FD353235CC33E0042552E /* FigmaAPIFileRoute.swift in Sources */ = {isa = PBXBuildFile; fileRef = C0B985842358EFBA00D8B21D /* FigmaAPIFileRoute.swift */; };
		C06B03CC236302C900DC2754 /* ProcessInfo+Extensions.swift in Sources */ = {isa = PBXBuildFile; fileRef = C06B03CB236302C900DC2754 /* ProcessInfo+Extensions.swift */; };
		C06B03CE2363301F00DC2754 /* ColorsServices.swift in Sources */ = {isa = PBXBuildFile; fileRef = C06B03CD2363301F00DC2754 /* ColorsServices.swift */; };
		C06B03D223633B0400DC2754 /* Routable+Extensions.swift in Sources */ = {isa = PBXBuildFile; fileRef = C06B03D123633B0400DC2754 /* Routable+Extensions.swift */; };
		C06B053023633E9200DC2754 /* Services.swift in Sources */ = {isa = PBXBuildFile; fileRef = C06B052F23633E9200DC2754 /* Services.swift */; };
		C06EC14E2371AF790086B2D1 /* Configuration.swift in Sources */ = {isa = PBXBuildFile; fileRef = C06EC14D2371AF790086B2D1 /* Configuration.swift */; };
		C06EC1512371B0CA0086B2D1 /* StepConfiguration.swift in Sources */ = {isa = PBXBuildFile; fileRef = C06EC14F2371AFCF0086B2D1 /* StepConfiguration.swift */; };
		C06EC1572371B4850086B2D1 /* TextStylesServices.swift in Sources */ = {isa = PBXBuildFile; fileRef = C0AF9F5D23686EFE00BE7DE8 /* TextStylesServices.swift */; };
		C06EC15B2371C6820086B2D1 /* ColorsGenerator.swift in Sources */ = {isa = PBXBuildFile; fileRef = C06EC15A2371C6820086B2D1 /* ColorsGenerator.swift */; };
		C06EC1612371C8CA0086B2D1 /* GenerateCommand.swift in Sources */ = {isa = PBXBuildFile; fileRef = C06EC1602371C8CA0086B2D1 /* GenerateCommand.swift */; };
		C0778EA02361CAAC00D020FB /* ColorsRenderer.swift in Sources */ = {isa = PBXBuildFile; fileRef = C0778E9C2361CAAC00D020FB /* ColorsRenderer.swift */; };
		C0778EA12361CAAC00D020FB /* DefaultColorsRenderer.swift in Sources */ = {isa = PBXBuildFile; fileRef = C0778E9D2361CAAC00D020FB /* DefaultColorsRenderer.swift */; };
		C0778EA62362060100D020FB /* Path+Extensions.swift in Sources */ = {isa = PBXBuildFile; fileRef = C0778EA52362060100D020FB /* Path+Extensions.swift */; };
		C0778EA823620A2300D020FB /* Templates in Resources */ = {isa = PBXBuildFile; fileRef = C0778EA723620A2300D020FB /* Templates */; };
		C0778EAB2362E8D200D020FB /* ColorsCommand.swift in Sources */ = {isa = PBXBuildFile; fileRef = C0778EAA2362E8D200D020FB /* ColorsCommand.swift */; };
		C0778EAD2362F21C00D020FB /* TemplateType.swift in Sources */ = {isa = PBXBuildFile; fileRef = C0778EAC2362F21C00D020FB /* TemplateType.swift */; };
		C0A4A160235F5A390063FBE4 /* FigmaExportSetting.swift in Sources */ = {isa = PBXBuildFile; fileRef = C0A4A12D235F5A390063FBE4 /* FigmaExportSetting.swift */; };
		C0A4A161235F5A390063FBE4 /* FigmaStrokeAlignment.swift in Sources */ = {isa = PBXBuildFile; fileRef = C0A4A12E235F5A390063FBE4 /* FigmaStrokeAlignment.swift */; };
		C0A4A162235F5A390063FBE4 /* FigmaStyleType.swift in Sources */ = {isa = PBXBuildFile; fileRef = C0A4A12F235F5A390063FBE4 /* FigmaStyleType.swift */; };
		C0A4A163235F5A390063FBE4 /* FigmaTextVerticalAlignment.swift in Sources */ = {isa = PBXBuildFile; fileRef = C0A4A130235F5A390063FBE4 /* FigmaTextVerticalAlignment.swift */; };
		C0A4A164235F5A390063FBE4 /* FigmaPaint.swift in Sources */ = {isa = PBXBuildFile; fileRef = C0A4A131235F5A390063FBE4 /* FigmaPaint.swift */; };
		C0A4A165235F5A390063FBE4 /* FigmaFrameOffset.swift in Sources */ = {isa = PBXBuildFile; fileRef = C0A4A132235F5A390063FBE4 /* FigmaFrameOffset.swift */; };
		C0A4A166235F5A390063FBE4 /* FigmaFrameNodeInfo.swift in Sources */ = {isa = PBXBuildFile; fileRef = C0A4A134235F5A390063FBE4 /* FigmaFrameNodeInfo.swift */; };
		C0A4A167235F5A390063FBE4 /* FigmaTextNodePayload.swift in Sources */ = {isa = PBXBuildFile; fileRef = C0A4A135235F5A390063FBE4 /* FigmaTextNodePayload.swift */; };
		C0A4A168235F5A390063FBE4 /* FigmaNodeType.swift in Sources */ = {isa = PBXBuildFile; fileRef = C0A4A136235F5A390063FBE4 /* FigmaNodeType.swift */; };
		C0A4A169235F5A390063FBE4 /* FigmaDocumentNodeInfo.swift in Sources */ = {isa = PBXBuildFile; fileRef = C0A4A137235F5A390063FBE4 /* FigmaDocumentNodeInfo.swift */; };
		C0A4A16B235F5A390063FBE4 /* FigmaFile.swift in Sources */ = {isa = PBXBuildFile; fileRef = C0A4A139235F5A390063FBE4 /* FigmaFile.swift */; };
		C0A4A16C235F5A390063FBE4 /* FigmaRectangleNodePayload.swift in Sources */ = {isa = PBXBuildFile; fileRef = C0A4A13A235F5A390063FBE4 /* FigmaRectangleNodePayload.swift */; };
		C0A4A16E235F5A390063FBE4 /* FigmaCanvasNodeInfo.swift in Sources */ = {isa = PBXBuildFile; fileRef = C0A4A13C235F5A390063FBE4 /* FigmaCanvasNodeInfo.swift */; };
		C0A4A16F235F5A390063FBE4 /* FigmaSliceNodeInfo.swift in Sources */ = {isa = PBXBuildFile; fileRef = C0A4A13D235F5A390063FBE4 /* FigmaSliceNodeInfo.swift */; };
		C0A4A170235F5A390063FBE4 /* FigmaInstanceNodePayload.swift in Sources */ = {isa = PBXBuildFile; fileRef = C0A4A13E235F5A390063FBE4 /* FigmaInstanceNodePayload.swift */; };
		C0A4A171235F5A390063FBE4 /* FigmaNode.swift in Sources */ = {isa = PBXBuildFile; fileRef = C0A4A13F235F5A390063FBE4 /* FigmaNode.swift */; };
		C0A4A172235F5A390063FBE4 /* FigmaVectorNodeInfo.swift in Sources */ = {isa = PBXBuildFile; fileRef = C0A4A140235F5A390063FBE4 /* FigmaVectorNodeInfo.swift */; };
		C0A4A173235F5A390063FBE4 /* FigmaBooleanOperationNodePayload.swift in Sources */ = {isa = PBXBuildFile; fileRef = C0A4A141235F5A390063FBE4 /* FigmaBooleanOperationNodePayload.swift */; };
		C0A4A174235F5A390063FBE4 /* FigmaLayoutGrid.swift in Sources */ = {isa = PBXBuildFile; fileRef = C0A4A142235F5A390063FBE4 /* FigmaLayoutGrid.swift */; };
		C0A4A175235F5A390063FBE4 /* FigmaLineHeightUnit.swift in Sources */ = {isa = PBXBuildFile; fileRef = C0A4A143235F5A390063FBE4 /* FigmaLineHeightUnit.swift */; };
		C0A4A176235F5A390063FBE4 /* FigmaTypeStyle.swift in Sources */ = {isa = PBXBuildFile; fileRef = C0A4A144235F5A390063FBE4 /* FigmaTypeStyle.swift */; };
		C0A4A177235F5A390063FBE4 /* FigmaScaleMode.swift in Sources */ = {isa = PBXBuildFile; fileRef = C0A4A145235F5A390063FBE4 /* FigmaScaleMode.swift */; };
		C0A4A178235F5A390063FBE4 /* FigmaEffect.swift in Sources */ = {isa = PBXBuildFile; fileRef = C0A4A146235F5A390063FBE4 /* FigmaEffect.swift */; };
		C0A4A179235F5A390063FBE4 /* FigmaBlendMode.swift in Sources */ = {isa = PBXBuildFile; fileRef = C0A4A147235F5A390063FBE4 /* FigmaBlendMode.swift */; };
		C0A4A17A235F5A390063FBE4 /* FigmaLayoutVerticalConstraint.swift in Sources */ = {isa = PBXBuildFile; fileRef = C0A4A148235F5A390063FBE4 /* FigmaLayoutVerticalConstraint.swift */; };
		C0A4A17B235F5A390063FBE4 /* FigmaColor.swift in Sources */ = {isa = PBXBuildFile; fileRef = C0A4A149235F5A390063FBE4 /* FigmaColor.swift */; };
		C0A4A17C235F5A390063FBE4 /* FigmaVector.swift in Sources */ = {isa = PBXBuildFile; fileRef = C0A4A14A235F5A390063FBE4 /* FigmaVector.swift */; };
		C0A4A17D235F5A390063FBE4 /* FigmaLayoutGridAlignment.swift in Sources */ = {isa = PBXBuildFile; fileRef = C0A4A14B235F5A390063FBE4 /* FigmaLayoutGridAlignment.swift */; };
		C0A4A17E235F5A390063FBE4 /* FigmaStrokeJoin.swift in Sources */ = {isa = PBXBuildFile; fileRef = C0A4A14C235F5A390063FBE4 /* FigmaStrokeJoin.swift */; };
		C0A4A17F235F5A390063FBE4 /* FigmaLayoutHorizontalConstraint.swift in Sources */ = {isa = PBXBuildFile; fileRef = C0A4A14D235F5A390063FBE4 /* FigmaLayoutHorizontalConstraint.swift */; };
		C0A4A180235F5A390063FBE4 /* FigmaComponent.swift in Sources */ = {isa = PBXBuildFile; fileRef = C0A4A14E235F5A390063FBE4 /* FigmaComponent.swift */; };
		C0A4A181235F5A390063FBE4 /* FigmaEasingType.swift in Sources */ = {isa = PBXBuildFile; fileRef = C0A4A14F235F5A390063FBE4 /* FigmaEasingType.swift */; };
		C0A4A182235F5A390063FBE4 /* FigmaColorStop.swift in Sources */ = {isa = PBXBuildFile; fileRef = C0A4A150235F5A390063FBE4 /* FigmaColorStop.swift */; };
		C0A4A183235F5A390063FBE4 /* FigmaStrokeCap.swift in Sources */ = {isa = PBXBuildFile; fileRef = C0A4A151235F5A390063FBE4 /* FigmaStrokeCap.swift */; };
		C0A4A184235F5A390063FBE4 /* FigmaLayoutGridPattern.swift in Sources */ = {isa = PBXBuildFile; fileRef = C0A4A152235F5A390063FBE4 /* FigmaLayoutGridPattern.swift */; };
		C0A4A185235F5A390063FBE4 /* FigmaLayoutConstraint.swift in Sources */ = {isa = PBXBuildFile; fileRef = C0A4A153235F5A390063FBE4 /* FigmaLayoutConstraint.swift */; };
		C0A4A186235F5A390063FBE4 /* FigmaTextHorizontalAlignment.swift in Sources */ = {isa = PBXBuildFile; fileRef = C0A4A154235F5A390063FBE4 /* FigmaTextHorizontalAlignment.swift */; };
		C0A4A187235F5A390063FBE4 /* FigmaTextCase.swift in Sources */ = {isa = PBXBuildFile; fileRef = C0A4A155235F5A390063FBE4 /* FigmaTextCase.swift */; };
		C0A4A188235F5A390063FBE4 /* FigmaConstraintType.swift in Sources */ = {isa = PBXBuildFile; fileRef = C0A4A156235F5A390063FBE4 /* FigmaConstraintType.swift */; };
		C0A4A189235F5A390063FBE4 /* FigmaTextDecoration.swift in Sources */ = {isa = PBXBuildFile; fileRef = C0A4A157235F5A390063FBE4 /* FigmaTextDecoration.swift */; };
		C0A4A18A235F5A390063FBE4 /* FigmaStyle.swift in Sources */ = {isa = PBXBuildFile; fileRef = C0A4A158235F5A390063FBE4 /* FigmaStyle.swift */; };
		C0A4A18B235F5A390063FBE4 /* FigmaEffectType.swift in Sources */ = {isa = PBXBuildFile; fileRef = C0A4A159235F5A390063FBE4 /* FigmaEffectType.swift */; };
		C0A4A18C235F5A390063FBE4 /* FigmaImageFormat.swift in Sources */ = {isa = PBXBuildFile; fileRef = C0A4A15A235F5A390063FBE4 /* FigmaImageFormat.swift */; };
		C0A4A18D235F5A390063FBE4 /* FigmaRectangle.swift in Sources */ = {isa = PBXBuildFile; fileRef = C0A4A15B235F5A390063FBE4 /* FigmaRectangle.swift */; };
		C0A4A18E235F5A390063FBE4 /* FigmaPaintType.swift in Sources */ = {isa = PBXBuildFile; fileRef = C0A4A15C235F5A390063FBE4 /* FigmaPaintType.swift */; };
		C0A4A18F235F5A390063FBE4 /* FigmaBooleanOperationType.swift in Sources */ = {isa = PBXBuildFile; fileRef = C0A4A15D235F5A390063FBE4 /* FigmaBooleanOperationType.swift */; };
		C0A4A190235F5A390063FBE4 /* FigmaConstraint.swift in Sources */ = {isa = PBXBuildFile; fileRef = C0A4A15E235F5A390063FBE4 /* FigmaConstraint.swift */; };
		C0A4A191235F5A390063FBE4 /* Color.swift in Sources */ = {isa = PBXBuildFile; fileRef = C0A4A15F235F5A390063FBE4 /* Color.swift */; };
		C0A4A197235F5AC40063FBE4 /* ColorsProvider.swift in Sources */ = {isa = PBXBuildFile; fileRef = C0A4A193235F5AC40063FBE4 /* ColorsProvider.swift */; };
		C0A4A199235F5AC40063FBE4 /* DefaultColorsProvider.swift in Sources */ = {isa = PBXBuildFile; fileRef = C0A4A195235F5AC40063FBE4 /* DefaultColorsProvider.swift */; };
		C0A4A19C235F5ACA0063FBE4 /* DefaultFigmaAPIProvider.swift in Sources */ = {isa = PBXBuildFile; fileRef = C0A4A19B235F5ACA0063FBE4 /* DefaultFigmaAPIProvider.swift */; };
		C0A4A19E235F6ABA0063FBE4 /* ColorsError.swift in Sources */ = {isa = PBXBuildFile; fileRef = C0A4A19D235F6ABA0063FBE4 /* ColorsError.swift */; };
		C0A4A1A3235FA7880063FBE4 /* Sequence+Extensions.swift in Sources */ = {isa = PBXBuildFile; fileRef = C0A4A1A2235FA7880063FBE4 /* Sequence+Extensions.swift */; };
		C0A7A15F236874360087A369 /* DefaultTextStylesProvider.swift in Sources */ = {isa = PBXBuildFile; fileRef = C0A7A15E236874360087A369 /* DefaultTextStylesProvider.swift */; };
		C0A7A16123687A410087A369 /* DefaultTextStylesRenderer.swift in Sources */ = {isa = PBXBuildFile; fileRef = C0A7A16023687A410087A369 /* DefaultTextStylesRenderer.swift */; };
		C0A7A163236891E70087A369 /* TextStylesError.swift in Sources */ = {isa = PBXBuildFile; fileRef = C0A7A162236891E70087A369 /* TextStylesError.swift */; };
		C0AF9F5223685F2600BE7DE8 /* NodesExtractor.swift in Sources */ = {isa = PBXBuildFile; fileRef = C0AF9F5123685F2600BE7DE8 /* NodesExtractor.swift */; };
		C0AF9F5423685F4100BE7DE8 /* DefaultNodesExtractor.swift in Sources */ = {isa = PBXBuildFile; fileRef = C0AF9F5323685F4100BE7DE8 /* DefaultNodesExtractor.swift */; };
		C0AF9F5823686E5200BE7DE8 /* TextStylesProvider.swift in Sources */ = {isa = PBXBuildFile; fileRef = C0AF9F5723686E5200BE7DE8 /* TextStylesProvider.swift */; };
		C0AF9F5A23686E7700BE7DE8 /* TextStyle.swift in Sources */ = {isa = PBXBuildFile; fileRef = C0AF9F5923686E7700BE7DE8 /* TextStyle.swift */; };
		C0AF9F6023686F1900BE7DE8 /* TextStylesCommand.swift in Sources */ = {isa = PBXBuildFile; fileRef = C0AF9F5F23686F1900BE7DE8 /* TextStylesCommand.swift */; };
		C0AF9F62236870D200BE7DE8 /* TextStylesRenderer.swift in Sources */ = {isa = PBXBuildFile; fileRef = C0AF9F61236870D200BE7DE8 /* TextStylesRenderer.swift */; };
		C0B5CA632372D3F7007A4B83 /* TextStylesGenerator.swift in Sources */ = {isa = PBXBuildFile; fileRef = C0B5CA622372D3F7007A4B83 /* TextStylesGenerator.swift */; };
		C0E034E52372EDFC004BE218 /* GenerateServices.swift in Sources */ = {isa = PBXBuildFile; fileRef = C0E034E42372EDFC004BE218 /* GenerateServices.swift */; };
		C0E034F123730607004BE218 /* BaseConfiguration.swift in Sources */ = {isa = PBXBuildFile; fileRef = C0E034F023730607004BE218 /* BaseConfiguration.swift */; };
		C0E034F723730E53004BE218 /* ConfigurationError.swift in Sources */ = {isa = PBXBuildFile; fileRef = C0E034EA237302D4004BE218 /* ConfigurationError.swift */; };
		C0E0CA34236C7F5E004BA240 /* Colors.stencil in Resources */ = {isa = PBXBuildFile; fileRef = C0778D502360A0C100D020FB /* Colors.stencil */; };
		C0E0CA35236C7F61004BA240 /* TextStyles.stencil in Resources */ = {isa = PBXBuildFile; fileRef = C0268E33236B18FE00900532 /* TextStyles.stencil */; };
		C0E0CB6B236C8D6A004BA240 /* FloatingPoint+Extensions.swift in Sources */ = {isa = PBXBuildFile; fileRef = C0E0CB6A236C8D6A004BA240 /* FloatingPoint+Extensions.swift */; };
		C0F194832356117200A24BDE /* FigmaGenTests.swift in Sources */ = {isa = PBXBuildFile; fileRef = C0F194822356117200A24BDE /* FigmaGenTests.swift */; };
		C0F196012356260100A24BDE /* main.swift in Sources */ = {isa = PBXBuildFile; fileRef = C0F194752356112F00A24BDE /* main.swift */; };
		C0F610FE236341B200960CD8 /* CLI+Extensions.swift in Sources */ = {isa = PBXBuildFile; fileRef = C0F610FD236341B200960CD8 /* CLI+Extensions.swift */; };
		C0F775AE235846CC00389DD2 /* FigmaAPIRoute.swift in Sources */ = {isa = PBXBuildFile; fileRef = C0F775AD235846CC00389DD2 /* FigmaAPIRoute.swift */; };
		C0F775B0235846E400389DD2 /* FigmaAPIVersion.swift in Sources */ = {isa = PBXBuildFile; fileRef = C0F775AF235846E400389DD2 /* FigmaAPIVersion.swift */; };
		C0F775B22358473A00389DD2 /* FigmaAPIHTTPMethod.swift in Sources */ = {isa = PBXBuildFile; fileRef = C0F775B12358473A00389DD2 /* FigmaAPIHTTPMethod.swift */; };
		C0FE20712395E0DE003A6701 /* NodesError.swift in Sources */ = {isa = PBXBuildFile; fileRef = C0FE20702395E0DE003A6701 /* NodesError.swift */; };
/* End PBXBuildFile section */

/* Begin PBXContainerItemProxy section */
		C085A5AA2356328C00C56581 /* PBXContainerItemProxy */ = {
			isa = PBXContainerItemProxy;
			containerPortal = C0F1946A2356112F00A24BDE /* Project object */;
			proxyType = 1;
			remoteGlobalIDString = C0F195F22356256A00A24BDE;
			remoteInfo = FigmaGen;
		};
/* End PBXContainerItemProxy section */

/* Begin PBXFileReference section */
		2EEDD6551CD0211C1EF2367B /* Pods-FigmaGenTests.debug.xcconfig */ = {isa = PBXFileReference; includeInIndex = 1; lastKnownFileType = text.xcconfig; name = "Pods-FigmaGenTests.debug.xcconfig"; path = "Target Support Files/Pods-FigmaGenTests/Pods-FigmaGenTests.debug.xcconfig"; sourceTree = "<group>"; };
		79A9EBE6548AF631B5702EDE /* Pods-FigmaGen.release.xcconfig */ = {isa = PBXFileReference; includeInIndex = 1; lastKnownFileType = text.xcconfig; name = "Pods-FigmaGen.release.xcconfig"; path = "Target Support Files/Pods-FigmaGen/Pods-FigmaGen.release.xcconfig"; sourceTree = "<group>"; };
		8E7C17A850D86C8D1A110F2C /* Pods-FigmaGenTests.release.xcconfig */ = {isa = PBXFileReference; includeInIndex = 1; lastKnownFileType = text.xcconfig; name = "Pods-FigmaGenTests.release.xcconfig"; path = "Target Support Files/Pods-FigmaGenTests/Pods-FigmaGenTests.release.xcconfig"; sourceTree = "<group>"; };
		A1FBD58D183E7F79857C9AD1 /* Pods_FigmaGenTests.framework */ = {isa = PBXFileReference; explicitFileType = wrapper.framework; includeInIndex = 0; path = Pods_FigmaGenTests.framework; sourceTree = BUILT_PRODUCTS_DIR; };
		A7CCE646935D17668E376318 /* Pods_FigmaGen.framework */ = {isa = PBXFileReference; explicitFileType = wrapper.framework; includeInIndex = 0; path = Pods_FigmaGen.framework; sourceTree = BUILT_PRODUCTS_DIR; };
		C00380AF2358929700E57CCE /* FigmaAPIProvider.swift */ = {isa = PBXFileReference; lastKnownFileType = sourcecode.swift; path = FigmaAPIProvider.swift; sourceTree = "<group>"; };
		C0268E33236B18FE00900532 /* TextStyles.stencil */ = {isa = PBXFileReference; lastKnownFileType = text; path = TextStyles.stencil; sourceTree = "<group>"; };
		C05FD32F235CBBE90042552E /* UnkeyedDecodingContainer+Extensions.swift */ = {isa = PBXFileReference; fileEncoding = 4; lastKnownFileType = sourcecode.swift; path = "UnkeyedDecodingContainer+Extensions.swift"; sourceTree = "<group>"; };
		C05FD333235CBBE90042552E /* SingleValueDecodingContainer+Extensions.swift */ = {isa = PBXFileReference; fileEncoding = 4; lastKnownFileType = sourcecode.swift; path = "SingleValueDecodingContainer+Extensions.swift"; sourceTree = "<group>"; };
		C05FD335235CBBE90042552E /* KeyedDecodingContainerProtocol+Extensions.swift */ = {isa = PBXFileReference; fileEncoding = 4; lastKnownFileType = sourcecode.swift; path = "KeyedDecodingContainerProtocol+Extensions.swift"; sourceTree = "<group>"; };
		C06B03CB236302C900DC2754 /* ProcessInfo+Extensions.swift */ = {isa = PBXFileReference; lastKnownFileType = sourcecode.swift; path = "ProcessInfo+Extensions.swift"; sourceTree = "<group>"; };
		C06B03CD2363301F00DC2754 /* ColorsServices.swift */ = {isa = PBXFileReference; lastKnownFileType = sourcecode.swift; path = ColorsServices.swift; sourceTree = "<group>"; };
		C06B03D123633B0400DC2754 /* Routable+Extensions.swift */ = {isa = PBXFileReference; lastKnownFileType = sourcecode.swift; path = "Routable+Extensions.swift"; sourceTree = "<group>"; };
		C06B052F23633E9200DC2754 /* Services.swift */ = {isa = PBXFileReference; lastKnownFileType = sourcecode.swift; path = Services.swift; sourceTree = "<group>"; };
		C06EC14D2371AF790086B2D1 /* Configuration.swift */ = {isa = PBXFileReference; lastKnownFileType = sourcecode.swift; path = Configuration.swift; sourceTree = "<group>"; };
		C06EC14F2371AFCF0086B2D1 /* StepConfiguration.swift */ = {isa = PBXFileReference; lastKnownFileType = sourcecode.swift; path = StepConfiguration.swift; sourceTree = "<group>"; };
		C06EC15A2371C6820086B2D1 /* ColorsGenerator.swift */ = {isa = PBXFileReference; lastKnownFileType = sourcecode.swift; path = ColorsGenerator.swift; sourceTree = "<group>"; };
		C06EC1602371C8CA0086B2D1 /* GenerateCommand.swift */ = {isa = PBXFileReference; lastKnownFileType = sourcecode.swift; path = GenerateCommand.swift; sourceTree = "<group>"; };
		C0778D502360A0C100D020FB /* Colors.stencil */ = {isa = PBXFileReference; fileEncoding = 4; lastKnownFileType = text; path = Colors.stencil; sourceTree = "<group>"; };
		C0778E9C2361CAAC00D020FB /* ColorsRenderer.swift */ = {isa = PBXFileReference; fileEncoding = 4; lastKnownFileType = sourcecode.swift; path = ColorsRenderer.swift; sourceTree = "<group>"; };
		C0778E9D2361CAAC00D020FB /* DefaultColorsRenderer.swift */ = {isa = PBXFileReference; fileEncoding = 4; lastKnownFileType = sourcecode.swift; path = DefaultColorsRenderer.swift; sourceTree = "<group>"; };
		C0778EA52362060100D020FB /* Path+Extensions.swift */ = {isa = PBXFileReference; lastKnownFileType = sourcecode.swift; path = "Path+Extensions.swift"; sourceTree = "<group>"; };
		C0778EA723620A2300D020FB /* Templates */ = {isa = PBXFileReference; fileEncoding = 4; lastKnownFileType = text; path = Templates; sourceTree = SOURCE_ROOT; };
		C0778EAA2362E8D200D020FB /* ColorsCommand.swift */ = {isa = PBXFileReference; lastKnownFileType = sourcecode.swift; path = ColorsCommand.swift; sourceTree = "<group>"; };
		C0778EAC2362F21C00D020FB /* TemplateType.swift */ = {isa = PBXFileReference; lastKnownFileType = sourcecode.swift; path = TemplateType.swift; sourceTree = "<group>"; };
		C085A5AC2356350F00C56581 /* Makefile */ = {isa = PBXFileReference; fileEncoding = 4; lastKnownFileType = text; path = Makefile; sourceTree = SOURCE_ROOT; };
		C085A5AD2356350F00C56581 /* Gemfile */ = {isa = PBXFileReference; fileEncoding = 4; lastKnownFileType = text; path = Gemfile; sourceTree = SOURCE_ROOT; };
		C085A5AE2356351000C56581 /* FigmaGen.podspec */ = {isa = PBXFileReference; lastKnownFileType = text; path = FigmaGen.podspec; sourceTree = SOURCE_ROOT; };
		C085A5AF2356351000C56581 /* README.md */ = {isa = PBXFileReference; fileEncoding = 4; lastKnownFileType = net.daringfireball.markdown; path = README.md; sourceTree = SOURCE_ROOT; };
		C085A5B02356351000C56581 /* LICENSE */ = {isa = PBXFileReference; fileEncoding = 4; lastKnownFileType = text; path = LICENSE; sourceTree = SOURCE_ROOT; };
		C085A5B12356351000C56581 /* Package.resources */ = {isa = PBXFileReference; lastKnownFileType = text; path = Package.resources; sourceTree = SOURCE_ROOT; };
		C085A5B22356351000C56581 /* Podfile */ = {isa = PBXFileReference; fileEncoding = 4; lastKnownFileType = text; path = Podfile; sourceTree = SOURCE_ROOT; xcLanguageSpecificationIdentifier = xcode.lang.ruby; };
		C085A5B32356351000C56581 /* Package.swift */ = {isa = PBXFileReference; fileEncoding = 4; lastKnownFileType = sourcecode.swift; path = Package.swift; sourceTree = SOURCE_ROOT; };
		C0A4A12D235F5A390063FBE4 /* FigmaExportSetting.swift */ = {isa = PBXFileReference; fileEncoding = 4; lastKnownFileType = sourcecode.swift; path = FigmaExportSetting.swift; sourceTree = "<group>"; };
		C0A4A12E235F5A390063FBE4 /* FigmaStrokeAlignment.swift */ = {isa = PBXFileReference; fileEncoding = 4; lastKnownFileType = sourcecode.swift; path = FigmaStrokeAlignment.swift; sourceTree = "<group>"; };
		C0A4A12F235F5A390063FBE4 /* FigmaStyleType.swift */ = {isa = PBXFileReference; fileEncoding = 4; lastKnownFileType = sourcecode.swift; path = FigmaStyleType.swift; sourceTree = "<group>"; };
		C0A4A130235F5A390063FBE4 /* FigmaTextVerticalAlignment.swift */ = {isa = PBXFileReference; fileEncoding = 4; lastKnownFileType = sourcecode.swift; path = FigmaTextVerticalAlignment.swift; sourceTree = "<group>"; };
		C0A4A131235F5A390063FBE4 /* FigmaPaint.swift */ = {isa = PBXFileReference; fileEncoding = 4; lastKnownFileType = sourcecode.swift; path = FigmaPaint.swift; sourceTree = "<group>"; };
		C0A4A132235F5A390063FBE4 /* FigmaFrameOffset.swift */ = {isa = PBXFileReference; fileEncoding = 4; lastKnownFileType = sourcecode.swift; path = FigmaFrameOffset.swift; sourceTree = "<group>"; };
		C0A4A134235F5A390063FBE4 /* FigmaFrameNodeInfo.swift */ = {isa = PBXFileReference; fileEncoding = 4; lastKnownFileType = sourcecode.swift; path = FigmaFrameNodeInfo.swift; sourceTree = "<group>"; };
		C0A4A135235F5A390063FBE4 /* FigmaTextNodePayload.swift */ = {isa = PBXFileReference; fileEncoding = 4; lastKnownFileType = sourcecode.swift; path = FigmaTextNodePayload.swift; sourceTree = "<group>"; };
		C0A4A136235F5A390063FBE4 /* FigmaNodeType.swift */ = {isa = PBXFileReference; fileEncoding = 4; lastKnownFileType = sourcecode.swift; path = FigmaNodeType.swift; sourceTree = "<group>"; };
		C0A4A137235F5A390063FBE4 /* FigmaDocumentNodeInfo.swift */ = {isa = PBXFileReference; fileEncoding = 4; lastKnownFileType = sourcecode.swift; path = FigmaDocumentNodeInfo.swift; sourceTree = "<group>"; };
		C0A4A139235F5A390063FBE4 /* FigmaFile.swift */ = {isa = PBXFileReference; fileEncoding = 4; lastKnownFileType = sourcecode.swift; path = FigmaFile.swift; sourceTree = "<group>"; };
		C0A4A13A235F5A390063FBE4 /* FigmaRectangleNodePayload.swift */ = {isa = PBXFileReference; fileEncoding = 4; lastKnownFileType = sourcecode.swift; path = FigmaRectangleNodePayload.swift; sourceTree = "<group>"; };
		C0A4A13C235F5A390063FBE4 /* FigmaCanvasNodeInfo.swift */ = {isa = PBXFileReference; fileEncoding = 4; lastKnownFileType = sourcecode.swift; path = FigmaCanvasNodeInfo.swift; sourceTree = "<group>"; };
		C0A4A13D235F5A390063FBE4 /* FigmaSliceNodeInfo.swift */ = {isa = PBXFileReference; fileEncoding = 4; lastKnownFileType = sourcecode.swift; path = FigmaSliceNodeInfo.swift; sourceTree = "<group>"; };
		C0A4A13E235F5A390063FBE4 /* FigmaInstanceNodePayload.swift */ = {isa = PBXFileReference; fileEncoding = 4; lastKnownFileType = sourcecode.swift; path = FigmaInstanceNodePayload.swift; sourceTree = "<group>"; };
		C0A4A13F235F5A390063FBE4 /* FigmaNode.swift */ = {isa = PBXFileReference; fileEncoding = 4; lastKnownFileType = sourcecode.swift; path = FigmaNode.swift; sourceTree = "<group>"; };
		C0A4A140235F5A390063FBE4 /* FigmaVectorNodeInfo.swift */ = {isa = PBXFileReference; fileEncoding = 4; lastKnownFileType = sourcecode.swift; path = FigmaVectorNodeInfo.swift; sourceTree = "<group>"; };
		C0A4A141235F5A390063FBE4 /* FigmaBooleanOperationNodePayload.swift */ = {isa = PBXFileReference; fileEncoding = 4; lastKnownFileType = sourcecode.swift; path = FigmaBooleanOperationNodePayload.swift; sourceTree = "<group>"; };
		C0A4A142235F5A390063FBE4 /* FigmaLayoutGrid.swift */ = {isa = PBXFileReference; fileEncoding = 4; lastKnownFileType = sourcecode.swift; path = FigmaLayoutGrid.swift; sourceTree = "<group>"; };
		C0A4A143235F5A390063FBE4 /* FigmaLineHeightUnit.swift */ = {isa = PBXFileReference; fileEncoding = 4; lastKnownFileType = sourcecode.swift; path = FigmaLineHeightUnit.swift; sourceTree = "<group>"; };
		C0A4A144235F5A390063FBE4 /* FigmaTypeStyle.swift */ = {isa = PBXFileReference; fileEncoding = 4; lastKnownFileType = sourcecode.swift; path = FigmaTypeStyle.swift; sourceTree = "<group>"; };
		C0A4A145235F5A390063FBE4 /* FigmaScaleMode.swift */ = {isa = PBXFileReference; fileEncoding = 4; lastKnownFileType = sourcecode.swift; path = FigmaScaleMode.swift; sourceTree = "<group>"; };
		C0A4A146235F5A390063FBE4 /* FigmaEffect.swift */ = {isa = PBXFileReference; fileEncoding = 4; lastKnownFileType = sourcecode.swift; path = FigmaEffect.swift; sourceTree = "<group>"; };
		C0A4A147235F5A390063FBE4 /* FigmaBlendMode.swift */ = {isa = PBXFileReference; fileEncoding = 4; lastKnownFileType = sourcecode.swift; path = FigmaBlendMode.swift; sourceTree = "<group>"; };
		C0A4A148235F5A390063FBE4 /* FigmaLayoutVerticalConstraint.swift */ = {isa = PBXFileReference; fileEncoding = 4; lastKnownFileType = sourcecode.swift; path = FigmaLayoutVerticalConstraint.swift; sourceTree = "<group>"; };
		C0A4A149235F5A390063FBE4 /* FigmaColor.swift */ = {isa = PBXFileReference; fileEncoding = 4; lastKnownFileType = sourcecode.swift; path = FigmaColor.swift; sourceTree = "<group>"; };
		C0A4A14A235F5A390063FBE4 /* FigmaVector.swift */ = {isa = PBXFileReference; fileEncoding = 4; lastKnownFileType = sourcecode.swift; path = FigmaVector.swift; sourceTree = "<group>"; };
		C0A4A14B235F5A390063FBE4 /* FigmaLayoutGridAlignment.swift */ = {isa = PBXFileReference; fileEncoding = 4; lastKnownFileType = sourcecode.swift; path = FigmaLayoutGridAlignment.swift; sourceTree = "<group>"; };
		C0A4A14C235F5A390063FBE4 /* FigmaStrokeJoin.swift */ = {isa = PBXFileReference; fileEncoding = 4; lastKnownFileType = sourcecode.swift; path = FigmaStrokeJoin.swift; sourceTree = "<group>"; };
		C0A4A14D235F5A390063FBE4 /* FigmaLayoutHorizontalConstraint.swift */ = {isa = PBXFileReference; fileEncoding = 4; lastKnownFileType = sourcecode.swift; path = FigmaLayoutHorizontalConstraint.swift; sourceTree = "<group>"; };
		C0A4A14E235F5A390063FBE4 /* FigmaComponent.swift */ = {isa = PBXFileReference; fileEncoding = 4; lastKnownFileType = sourcecode.swift; path = FigmaComponent.swift; sourceTree = "<group>"; };
		C0A4A14F235F5A390063FBE4 /* FigmaEasingType.swift */ = {isa = PBXFileReference; fileEncoding = 4; lastKnownFileType = sourcecode.swift; path = FigmaEasingType.swift; sourceTree = "<group>"; };
		C0A4A150235F5A390063FBE4 /* FigmaColorStop.swift */ = {isa = PBXFileReference; fileEncoding = 4; lastKnownFileType = sourcecode.swift; path = FigmaColorStop.swift; sourceTree = "<group>"; };
		C0A4A151235F5A390063FBE4 /* FigmaStrokeCap.swift */ = {isa = PBXFileReference; fileEncoding = 4; lastKnownFileType = sourcecode.swift; path = FigmaStrokeCap.swift; sourceTree = "<group>"; };
		C0A4A152235F5A390063FBE4 /* FigmaLayoutGridPattern.swift */ = {isa = PBXFileReference; fileEncoding = 4; lastKnownFileType = sourcecode.swift; path = FigmaLayoutGridPattern.swift; sourceTree = "<group>"; };
		C0A4A153235F5A390063FBE4 /* FigmaLayoutConstraint.swift */ = {isa = PBXFileReference; fileEncoding = 4; lastKnownFileType = sourcecode.swift; path = FigmaLayoutConstraint.swift; sourceTree = "<group>"; };
		C0A4A154235F5A390063FBE4 /* FigmaTextHorizontalAlignment.swift */ = {isa = PBXFileReference; fileEncoding = 4; lastKnownFileType = sourcecode.swift; path = FigmaTextHorizontalAlignment.swift; sourceTree = "<group>"; };
		C0A4A155235F5A390063FBE4 /* FigmaTextCase.swift */ = {isa = PBXFileReference; fileEncoding = 4; lastKnownFileType = sourcecode.swift; path = FigmaTextCase.swift; sourceTree = "<group>"; };
		C0A4A156235F5A390063FBE4 /* FigmaConstraintType.swift */ = {isa = PBXFileReference; fileEncoding = 4; lastKnownFileType = sourcecode.swift; path = FigmaConstraintType.swift; sourceTree = "<group>"; };
		C0A4A157235F5A390063FBE4 /* FigmaTextDecoration.swift */ = {isa = PBXFileReference; fileEncoding = 4; lastKnownFileType = sourcecode.swift; path = FigmaTextDecoration.swift; sourceTree = "<group>"; };
		C0A4A158235F5A390063FBE4 /* FigmaStyle.swift */ = {isa = PBXFileReference; fileEncoding = 4; lastKnownFileType = sourcecode.swift; path = FigmaStyle.swift; sourceTree = "<group>"; };
		C0A4A159235F5A390063FBE4 /* FigmaEffectType.swift */ = {isa = PBXFileReference; fileEncoding = 4; lastKnownFileType = sourcecode.swift; path = FigmaEffectType.swift; sourceTree = "<group>"; };
		C0A4A15A235F5A390063FBE4 /* FigmaImageFormat.swift */ = {isa = PBXFileReference; fileEncoding = 4; lastKnownFileType = sourcecode.swift; path = FigmaImageFormat.swift; sourceTree = "<group>"; };
		C0A4A15B235F5A390063FBE4 /* FigmaRectangle.swift */ = {isa = PBXFileReference; fileEncoding = 4; lastKnownFileType = sourcecode.swift; path = FigmaRectangle.swift; sourceTree = "<group>"; };
		C0A4A15C235F5A390063FBE4 /* FigmaPaintType.swift */ = {isa = PBXFileReference; fileEncoding = 4; lastKnownFileType = sourcecode.swift; path = FigmaPaintType.swift; sourceTree = "<group>"; };
		C0A4A15D235F5A390063FBE4 /* FigmaBooleanOperationType.swift */ = {isa = PBXFileReference; fileEncoding = 4; lastKnownFileType = sourcecode.swift; path = FigmaBooleanOperationType.swift; sourceTree = "<group>"; };
		C0A4A15E235F5A390063FBE4 /* FigmaConstraint.swift */ = {isa = PBXFileReference; fileEncoding = 4; lastKnownFileType = sourcecode.swift; path = FigmaConstraint.swift; sourceTree = "<group>"; };
		C0A4A15F235F5A390063FBE4 /* Color.swift */ = {isa = PBXFileReference; fileEncoding = 4; lastKnownFileType = sourcecode.swift; path = Color.swift; sourceTree = "<group>"; };
		C0A4A193235F5AC40063FBE4 /* ColorsProvider.swift */ = {isa = PBXFileReference; fileEncoding = 4; lastKnownFileType = sourcecode.swift; path = ColorsProvider.swift; sourceTree = "<group>"; };
		C0A4A195235F5AC40063FBE4 /* DefaultColorsProvider.swift */ = {isa = PBXFileReference; fileEncoding = 4; lastKnownFileType = sourcecode.swift; path = DefaultColorsProvider.swift; sourceTree = "<group>"; };
		C0A4A19B235F5ACA0063FBE4 /* DefaultFigmaAPIProvider.swift */ = {isa = PBXFileReference; fileEncoding = 4; lastKnownFileType = sourcecode.swift; path = DefaultFigmaAPIProvider.swift; sourceTree = "<group>"; };
		C0A4A19D235F6ABA0063FBE4 /* ColorsError.swift */ = {isa = PBXFileReference; lastKnownFileType = sourcecode.swift; path = ColorsError.swift; sourceTree = "<group>"; };
		C0A4A1A2235FA7880063FBE4 /* Sequence+Extensions.swift */ = {isa = PBXFileReference; lastKnownFileType = sourcecode.swift; path = "Sequence+Extensions.swift"; sourceTree = "<group>"; };
		C0A7A15E236874360087A369 /* DefaultTextStylesProvider.swift */ = {isa = PBXFileReference; lastKnownFileType = sourcecode.swift; path = DefaultTextStylesProvider.swift; sourceTree = "<group>"; };
		C0A7A16023687A410087A369 /* DefaultTextStylesRenderer.swift */ = {isa = PBXFileReference; lastKnownFileType = sourcecode.swift; path = DefaultTextStylesRenderer.swift; sourceTree = "<group>"; };
		C0A7A162236891E70087A369 /* TextStylesError.swift */ = {isa = PBXFileReference; lastKnownFileType = sourcecode.swift; path = TextStylesError.swift; sourceTree = "<group>"; };
		C0AF9F5123685F2600BE7DE8 /* NodesExtractor.swift */ = {isa = PBXFileReference; lastKnownFileType = sourcecode.swift; path = NodesExtractor.swift; sourceTree = "<group>"; };
		C0AF9F5323685F4100BE7DE8 /* DefaultNodesExtractor.swift */ = {isa = PBXFileReference; lastKnownFileType = sourcecode.swift; path = DefaultNodesExtractor.swift; sourceTree = "<group>"; };
		C0AF9F5723686E5200BE7DE8 /* TextStylesProvider.swift */ = {isa = PBXFileReference; lastKnownFileType = sourcecode.swift; path = TextStylesProvider.swift; sourceTree = "<group>"; };
		C0AF9F5923686E7700BE7DE8 /* TextStyle.swift */ = {isa = PBXFileReference; lastKnownFileType = sourcecode.swift; path = TextStyle.swift; sourceTree = "<group>"; };
		C0AF9F5D23686EFE00BE7DE8 /* TextStylesServices.swift */ = {isa = PBXFileReference; lastKnownFileType = sourcecode.swift; path = TextStylesServices.swift; sourceTree = "<group>"; };
		C0AF9F5F23686F1900BE7DE8 /* TextStylesCommand.swift */ = {isa = PBXFileReference; lastKnownFileType = sourcecode.swift; path = TextStylesCommand.swift; sourceTree = "<group>"; };
		C0AF9F61236870D200BE7DE8 /* TextStylesRenderer.swift */ = {isa = PBXFileReference; lastKnownFileType = sourcecode.swift; path = TextStylesRenderer.swift; sourceTree = "<group>"; };
		C0B5CA622372D3F7007A4B83 /* TextStylesGenerator.swift */ = {isa = PBXFileReference; lastKnownFileType = sourcecode.swift; path = TextStylesGenerator.swift; sourceTree = "<group>"; };
		C0B985842358EFBA00D8B21D /* FigmaAPIFileRoute.swift */ = {isa = PBXFileReference; lastKnownFileType = sourcecode.swift; path = FigmaAPIFileRoute.swift; sourceTree = "<group>"; };
		C0E034E42372EDFC004BE218 /* GenerateServices.swift */ = {isa = PBXFileReference; lastKnownFileType = sourcecode.swift; path = GenerateServices.swift; sourceTree = "<group>"; };
		C0E034EA237302D4004BE218 /* ConfigurationError.swift */ = {isa = PBXFileReference; lastKnownFileType = sourcecode.swift; path = ConfigurationError.swift; sourceTree = "<group>"; };
		C0E034F023730607004BE218 /* BaseConfiguration.swift */ = {isa = PBXFileReference; lastKnownFileType = sourcecode.swift; path = BaseConfiguration.swift; sourceTree = "<group>"; };
		C0E0CB6A236C8D6A004BA240 /* FloatingPoint+Extensions.swift */ = {isa = PBXFileReference; lastKnownFileType = sourcecode.swift; path = "FloatingPoint+Extensions.swift"; sourceTree = "<group>"; };
		C0F194752356112F00A24BDE /* main.swift */ = {isa = PBXFileReference; lastKnownFileType = sourcecode.swift; path = main.swift; sourceTree = "<group>"; };
		C0F194802356117200A24BDE /* FigmaGenTests.xctest */ = {isa = PBXFileReference; explicitFileType = wrapper.cfbundle; includeInIndex = 0; path = FigmaGenTests.xctest; sourceTree = BUILT_PRODUCTS_DIR; };
		C0F194822356117200A24BDE /* FigmaGenTests.swift */ = {isa = PBXFileReference; lastKnownFileType = sourcecode.swift; path = FigmaGenTests.swift; sourceTree = "<group>"; };
		C0F194842356117200A24BDE /* Info.plist */ = {isa = PBXFileReference; lastKnownFileType = text.plist.xml; path = Info.plist; sourceTree = "<group>"; };
		C0F195EE235624E800A24BDE /* Info.plist */ = {isa = PBXFileReference; fileEncoding = 4; lastKnownFileType = text.plist.xml; path = Info.plist; sourceTree = "<group>"; };
		C0F195F32356256A00A24BDE /* FigmaGen.app */ = {isa = PBXFileReference; explicitFileType = wrapper.application; includeInIndex = 0; path = FigmaGen.app; sourceTree = BUILT_PRODUCTS_DIR; };
		C0F610FD236341B200960CD8 /* CLI+Extensions.swift */ = {isa = PBXFileReference; lastKnownFileType = sourcecode.swift; path = "CLI+Extensions.swift"; sourceTree = "<group>"; };
		C0F775AD235846CC00389DD2 /* FigmaAPIRoute.swift */ = {isa = PBXFileReference; lastKnownFileType = sourcecode.swift; path = FigmaAPIRoute.swift; sourceTree = "<group>"; };
		C0F775AF235846E400389DD2 /* FigmaAPIVersion.swift */ = {isa = PBXFileReference; lastKnownFileType = sourcecode.swift; path = FigmaAPIVersion.swift; sourceTree = "<group>"; };
		C0F775B12358473A00389DD2 /* FigmaAPIHTTPMethod.swift */ = {isa = PBXFileReference; lastKnownFileType = sourcecode.swift; path = FigmaAPIHTTPMethod.swift; sourceTree = "<group>"; };
		C0FE20702395E0DE003A6701 /* NodesError.swift */ = {isa = PBXFileReference; lastKnownFileType = sourcecode.swift; path = NodesError.swift; sourceTree = "<group>"; };
		EE68917070188EC570F805C2 /* Pods-FigmaGen.debug.xcconfig */ = {isa = PBXFileReference; includeInIndex = 1; lastKnownFileType = text.xcconfig; name = "Pods-FigmaGen.debug.xcconfig"; path = "Target Support Files/Pods-FigmaGen/Pods-FigmaGen.debug.xcconfig"; sourceTree = "<group>"; };
/* End PBXFileReference section */

/* Begin PBXFrameworksBuildPhase section */
		C0F1947D2356117200A24BDE /* Frameworks */ = {
			isa = PBXFrameworksBuildPhase;
			buildActionMask = 2147483647;
			files = (
				275066ECF0967BD89155A3A8 /* Pods_FigmaGenTests.framework in Frameworks */,
			);
			runOnlyForDeploymentPostprocessing = 0;
		};
		C0F195F02356256A00A24BDE /* Frameworks */ = {
			isa = PBXFrameworksBuildPhase;
			buildActionMask = 2147483647;
			files = (
				0CEFBD150631EBC2D1E8D5C9 /* Pods_FigmaGen.framework in Frameworks */,
			);
			runOnlyForDeploymentPostprocessing = 0;
		};
/* End PBXFrameworksBuildPhase section */

/* Begin PBXGroup section */
		4222F9882A886CE6ECBECAD3 /* Frameworks */ = {
			isa = PBXGroup;
			children = (
				A7CCE646935D17668E376318 /* Pods_FigmaGen.framework */,
				A1FBD58D183E7F79857C9AD1 /* Pods_FigmaGenTests.framework */,
			);
			name = Frameworks;
			sourceTree = "<group>";
		};
		58A78BD9A4D6AF1F5C96B87D /* Pods */ = {
			isa = PBXGroup;
			children = (
				EE68917070188EC570F805C2 /* Pods-FigmaGen.debug.xcconfig */,
				79A9EBE6548AF631B5702EDE /* Pods-FigmaGen.release.xcconfig */,
				2EEDD6551CD0211C1EF2367B /* Pods-FigmaGenTests.debug.xcconfig */,
				8E7C17A850D86C8D1A110F2C /* Pods-FigmaGenTests.release.xcconfig */,
			);
			path = Pods;
			sourceTree = "<group>";
		};
		C05FD32D235CBBB00042552E /* Tools */ = {
			isa = PBXGroup;
			children = (
				C05FD32E235CBBBB0042552E /* Extensions */,
			);
			path = Tools;
			sourceTree = "<group>";
		};
		C05FD32E235CBBBB0042552E /* Extensions */ = {
			isa = PBXGroup;
			children = (
				C0F610FD236341B200960CD8 /* CLI+Extensions.swift */,
				C05FD335235CBBE90042552E /* KeyedDecodingContainerProtocol+Extensions.swift */,
				C0778EA52362060100D020FB /* Path+Extensions.swift */,
				C06B03CB236302C900DC2754 /* ProcessInfo+Extensions.swift */,
				C06B03D123633B0400DC2754 /* Routable+Extensions.swift */,
				C0A4A1A2235FA7880063FBE4 /* Sequence+Extensions.swift */,
				C05FD333235CBBE90042552E /* SingleValueDecodingContainer+Extensions.swift */,
				C05FD32F235CBBE90042552E /* UnkeyedDecodingContainer+Extensions.swift */,
				C0E0CB6A236C8D6A004BA240 /* FloatingPoint+Extensions.swift */,
			);
			path = Extensions;
			sourceTree = "<group>";
		};
		C0778D4F2360A08800D020FB /* Templates */ = {
			isa = PBXGroup;
			children = (
				C0778D502360A0C100D020FB /* Colors.stencil */,
				C0268E33236B18FE00900532 /* TextStyles.stencil */,
			);
			path = Templates;
			sourceTree = "<group>";
		};
		C0778EA92362E8C500D020FB /* Commands */ = {
			isa = PBXGroup;
			children = (
				C09E94302372D91B0098FEDD /* Colors */,
				C09E94312372E88C0098FEDD /* Generate */,
				C09E942F2372D6980098FEDD /* TextStyles */,
			);
			path = Commands;
			sourceTree = "<group>";
		};
		C07B8DB02359D28200AF750F /* Models */ = {
			isa = PBXGroup;
			children = (
				C0E034E82372FC0B004BE218 /* Configuration */,
				C0A4A12C235F5A390063FBE4 /* Figma */,
				C0A4A15F235F5A390063FBE4 /* Color.swift */,
				C0AF9F5923686E7700BE7DE8 /* TextStyle.swift */,
				C0778EAC2362F21C00D020FB /* TemplateType.swift */,
			);
			path = Models;
			sourceTree = "<group>";
		};
		C09E942F2372D6980098FEDD /* TextStyles */ = {
			isa = PBXGroup;
			children = (
				C0B5CA622372D3F7007A4B83 /* TextStylesGenerator.swift */,
				C0AF9F5D23686EFE00BE7DE8 /* TextStylesServices.swift */,
				C0AF9F5F23686F1900BE7DE8 /* TextStylesCommand.swift */,
			);
			path = TextStyles;
			sourceTree = "<group>";
		};
		C09E94302372D91B0098FEDD /* Colors */ = {
			isa = PBXGroup;
			children = (
				C06B03CD2363301F00DC2754 /* ColorsServices.swift */,
				C06EC15A2371C6820086B2D1 /* ColorsGenerator.swift */,
				C0778EAA2362E8D200D020FB /* ColorsCommand.swift */,
			);
			path = Colors;
			sourceTree = "<group>";
		};
		C09E94312372E88C0098FEDD /* Generate */ = {
			isa = PBXGroup;
			children = (
				C06EC1602371C8CA0086B2D1 /* GenerateCommand.swift */,
				C0E034E42372EDFC004BE218 /* GenerateServices.swift */,
			);
			path = Generate;
			sourceTree = "<group>";
		};
		C0A4A12C235F5A390063FBE4 /* Figma */ = {
			isa = PBXGroup;
			children = (
				C0A4A133235F5A390063FBE4 /* Nodes */,
				C0A4A147235F5A390063FBE4 /* FigmaBlendMode.swift */,
				C0A4A15D235F5A390063FBE4 /* FigmaBooleanOperationType.swift */,
				C0A4A149235F5A390063FBE4 /* FigmaColor.swift */,
				C0A4A150235F5A390063FBE4 /* FigmaColorStop.swift */,
				C0A4A14E235F5A390063FBE4 /* FigmaComponent.swift */,
				C0A4A15E235F5A390063FBE4 /* FigmaConstraint.swift */,
				C0A4A156235F5A390063FBE4 /* FigmaConstraintType.swift */,
				C0A4A14F235F5A390063FBE4 /* FigmaEasingType.swift */,
				C0A4A146235F5A390063FBE4 /* FigmaEffect.swift */,
				C0A4A159235F5A390063FBE4 /* FigmaEffectType.swift */,
				C0A4A12D235F5A390063FBE4 /* FigmaExportSetting.swift */,
				C0A4A132235F5A390063FBE4 /* FigmaFrameOffset.swift */,
				C0A4A15A235F5A390063FBE4 /* FigmaImageFormat.swift */,
				C0A4A153235F5A390063FBE4 /* FigmaLayoutConstraint.swift */,
				C0A4A142235F5A390063FBE4 /* FigmaLayoutGrid.swift */,
				C0A4A14B235F5A390063FBE4 /* FigmaLayoutGridAlignment.swift */,
				C0A4A152235F5A390063FBE4 /* FigmaLayoutGridPattern.swift */,
				C0A4A14D235F5A390063FBE4 /* FigmaLayoutHorizontalConstraint.swift */,
				C0A4A148235F5A390063FBE4 /* FigmaLayoutVerticalConstraint.swift */,
				C0A4A143235F5A390063FBE4 /* FigmaLineHeightUnit.swift */,
				C0A4A131235F5A390063FBE4 /* FigmaPaint.swift */,
				C0A4A15C235F5A390063FBE4 /* FigmaPaintType.swift */,
				C0A4A15B235F5A390063FBE4 /* FigmaRectangle.swift */,
				C0A4A145235F5A390063FBE4 /* FigmaScaleMode.swift */,
				C0A4A12E235F5A390063FBE4 /* FigmaStrokeAlignment.swift */,
				C0A4A151235F5A390063FBE4 /* FigmaStrokeCap.swift */,
				C0A4A14C235F5A390063FBE4 /* FigmaStrokeJoin.swift */,
				C0A4A158235F5A390063FBE4 /* FigmaStyle.swift */,
				C0A4A12F235F5A390063FBE4 /* FigmaStyleType.swift */,
				C0A4A155235F5A390063FBE4 /* FigmaTextCase.swift */,
				C0A4A157235F5A390063FBE4 /* FigmaTextDecoration.swift */,
				C0A4A154235F5A390063FBE4 /* FigmaTextHorizontalAlignment.swift */,
				C0A4A130235F5A390063FBE4 /* FigmaTextVerticalAlignment.swift */,
				C0A4A144235F5A390063FBE4 /* FigmaTypeStyle.swift */,
				C0A4A14A235F5A390063FBE4 /* FigmaVector.swift */,
			);
			path = Figma;
			sourceTree = "<group>";
		};
		C0A4A133235F5A390063FBE4 /* Nodes */ = {
			isa = PBXGroup;
			children = (
				C0A4A141235F5A390063FBE4 /* FigmaBooleanOperationNodePayload.swift */,
				C0A4A13C235F5A390063FBE4 /* FigmaCanvasNodeInfo.swift */,
				C0A4A137235F5A390063FBE4 /* FigmaDocumentNodeInfo.swift */,
				C0A4A139235F5A390063FBE4 /* FigmaFile.swift */,
				C0A4A134235F5A390063FBE4 /* FigmaFrameNodeInfo.swift */,
				C0A4A13E235F5A390063FBE4 /* FigmaInstanceNodePayload.swift */,
				C0A4A13F235F5A390063FBE4 /* FigmaNode.swift */,
				C0A4A136235F5A390063FBE4 /* FigmaNodeType.swift */,
				C0A4A13A235F5A390063FBE4 /* FigmaRectangleNodePayload.swift */,
				C0A4A13D235F5A390063FBE4 /* FigmaSliceNodeInfo.swift */,
				C0A4A135235F5A390063FBE4 /* FigmaTextNodePayload.swift */,
				C0A4A140235F5A390063FBE4 /* FigmaVectorNodeInfo.swift */,
			);
			path = Nodes;
			sourceTree = "<group>";
		};
		C0A4A192235F5AC40063FBE4 /* Colors */ = {
			isa = PBXGroup;
			children = (
				C0A4A19D235F6ABA0063FBE4 /* ColorsError.swift */,
				C0A4A193235F5AC40063FBE4 /* ColorsProvider.swift */,
				C0778E9C2361CAAC00D020FB /* ColorsRenderer.swift */,
				C0A4A195235F5AC40063FBE4 /* DefaultColorsProvider.swift */,
				C0778E9D2361CAAC00D020FB /* DefaultColorsRenderer.swift */,
			);
			path = Colors;
			sourceTree = "<group>";
		};
		C0AF9F5023685AA400BE7DE8 /* Nodes */ = {
			isa = PBXGroup;
			children = (
				C0AF9F5323685F4100BE7DE8 /* DefaultNodesExtractor.swift */,
				C0FE20702395E0DE003A6701 /* NodesError.swift */,
				C0AF9F5123685F2600BE7DE8 /* NodesExtractor.swift */,
			);
			path = Nodes;
			sourceTree = "<group>";
		};
		C0AF9F5623686E2800BE7DE8 /* TextStyles */ = {
			isa = PBXGroup;
			children = (
				C0A7A15E236874360087A369 /* DefaultTextStylesProvider.swift */,
				C0A7A16023687A410087A369 /* DefaultTextStylesRenderer.swift */,
				C0A7A162236891E70087A369 /* TextStylesError.swift */,
				C0AF9F5723686E5200BE7DE8 /* TextStylesProvider.swift */,
				C0AF9F61236870D200BE7DE8 /* TextStylesRenderer.swift */,
			);
			path = TextStyles;
			sourceTree = "<group>";
		};
		C0B985812358EF1F00D8B21D /* Routes */ = {
			isa = PBXGroup;
			children = (
				C0B985842358EFBA00D8B21D /* FigmaAPIFileRoute.swift */,
			);
			path = Routes;
			sourceTree = "<group>";
		};
		C0B985822358EF8300D8B21D /* API */ = {
			isa = PBXGroup;
			children = (
				C0B985812358EF1F00D8B21D /* Routes */,
				C0A4A19B235F5ACA0063FBE4 /* DefaultFigmaAPIProvider.swift */,
				C0F775B12358473A00389DD2 /* FigmaAPIHTTPMethod.swift */,
				C00380AF2358929700E57CCE /* FigmaAPIProvider.swift */,
				C0F775AD235846CC00389DD2 /* FigmaAPIRoute.swift */,
				C0F775AF235846E400389DD2 /* FigmaAPIVersion.swift */,
			);
			path = API;
			sourceTree = "<group>";
		};
		C0E034E82372FC0B004BE218 /* Configuration */ = {
			isa = PBXGroup;
			children = (
				C0E034F023730607004BE218 /* BaseConfiguration.swift */,
				C06EC14D2371AF790086B2D1 /* Configuration.swift */,
				C0E034EA237302D4004BE218 /* ConfigurationError.swift */,
				C06EC14F2371AFCF0086B2D1 /* StepConfiguration.swift */,
			);
			path = Configuration;
			sourceTree = "<group>";
		};
		C0F194692356112F00A24BDE = {
			isa = PBXGroup;
			children = (
				C0F194742356112F00A24BDE /* Sources */,
				C0F195ED235624E800A24BDE /* Resources */,
				C0778D4F2360A08800D020FB /* Templates */,
				C0F194812356117200A24BDE /* Tests */,
				58A78BD9A4D6AF1F5C96B87D /* Pods */,
				C0F194732356112F00A24BDE /* Products */,
				4222F9882A886CE6ECBECAD3 /* Frameworks */,
				C085A5AE2356351000C56581 /* FigmaGen.podspec */,
				C085A5AD2356350F00C56581 /* Gemfile */,
				C085A5B02356351000C56581 /* LICENSE */,
				C085A5AC2356350F00C56581 /* Makefile */,
				C085A5B12356351000C56581 /* Package.resources */,
				C085A5B32356351000C56581 /* Package.swift */,
				C085A5B22356351000C56581 /* Podfile */,
				C085A5AF2356351000C56581 /* README.md */,
			);
			sourceTree = "<group>";
		};
		C0F194732356112F00A24BDE /* Products */ = {
			isa = PBXGroup;
			children = (
				C0F194802356117200A24BDE /* FigmaGenTests.xctest */,
				C0F195F32356256A00A24BDE /* FigmaGen.app */,
			);
			name = Products;
			sourceTree = "<group>";
		};
		C0F194742356112F00A24BDE /* Sources */ = {
			isa = PBXGroup;
			children = (
				C0778EA92362E8C500D020FB /* Commands */,
				C07B8DB02359D28200AF750F /* Models */,
				C0F775A9235761CA00389DD2 /* Services */,
				C05FD32D235CBBB00042552E /* Tools */,
				C0F194752356112F00A24BDE /* main.swift */,
				C06B052F23633E9200DC2754 /* Services.swift */,
			);
			path = Sources;
			sourceTree = "<group>";
		};
		C0F194812356117200A24BDE /* Tests */ = {
			isa = PBXGroup;
			children = (
				C0F194822356117200A24BDE /* FigmaGenTests.swift */,
				C0F194842356117200A24BDE /* Info.plist */,
			);
			path = Tests;
			sourceTree = "<group>";
		};
		C0F195ED235624E800A24BDE /* Resources */ = {
			isa = PBXGroup;
			children = (
				C0778EA723620A2300D020FB /* Templates */,
				C0F195EE235624E800A24BDE /* Info.plist */,
			);
			path = Resources;
			sourceTree = "<group>";
		};
		C0F775A9235761CA00389DD2 /* Services */ = {
			isa = PBXGroup;
			children = (
				C0B985822358EF8300D8B21D /* API */,
				C0A4A192235F5AC40063FBE4 /* Colors */,
				C0AF9F5023685AA400BE7DE8 /* Nodes */,
				C0AF9F5623686E2800BE7DE8 /* TextStyles */,
			);
			path = Services;
			sourceTree = "<group>";
		};
/* End PBXGroup section */

/* Begin PBXNativeTarget section */
		C0F1947F2356117200A24BDE /* FigmaGenTests */ = {
			isa = PBXNativeTarget;
			buildConfigurationList = C0F194872356117200A24BDE /* Build configuration list for PBXNativeTarget "FigmaGenTests" */;
			buildPhases = (
				9B23ECA6DC2B9C50594433B3 /* [CP] Check Pods Manifest.lock */,
				C0F1947C2356117200A24BDE /* Sources */,
				C0F1947D2356117200A24BDE /* Frameworks */,
				C0F1947E2356117200A24BDE /* Resources */,
			);
			buildRules = (
			);
			dependencies = (
				C085A5AB2356328C00C56581 /* PBXTargetDependency */,
			);
			name = FigmaGenTests;
			productName = FigmaGenTests;
			productReference = C0F194802356117200A24BDE /* FigmaGenTests.xctest */;
			productType = "com.apple.product-type.bundle.unit-test";
		};
		C0F195F22356256A00A24BDE /* FigmaGen */ = {
			isa = PBXNativeTarget;
			buildConfigurationList = C0F195FE2356256C00A24BDE /* Build configuration list for PBXNativeTarget "FigmaGen" */;
			buildPhases = (
				81F63CC1931A9DBF2F49D195 /* [CP] Check Pods Manifest.lock */,
				C0F195EF2356256A00A24BDE /* Sources */,
				C0F195F02356256A00A24BDE /* Frameworks */,
				C0F195F12356256A00A24BDE /* Resources */,
				DF0FDF8C68F3D10D53E3B490 /* [CP] Embed Pods Frameworks */,
				C085A5A923562B7300C56581 /* SwiftLint */,
			);
			buildRules = (
			);
			dependencies = (
			);
			name = FigmaGen;
			productName = FigmaGen;
			productReference = C0F195F32356256A00A24BDE /* FigmaGen.app */;
			productType = "com.apple.product-type.application";
		};
/* End PBXNativeTarget section */

/* Begin PBXProject section */
		C0F1946A2356112F00A24BDE /* Project object */ = {
			isa = PBXProject;
			attributes = {
				LastSwiftUpdateCheck = 1100;
				LastUpgradeCheck = 1100;
				ORGANIZATIONNAME = HeadHunter;
				TargetAttributes = {
					C0F1947F2356117200A24BDE = {
						CreatedOnToolsVersion = 11.0;
					};
					C0F195F22356256A00A24BDE = {
						CreatedOnToolsVersion = 11.0;
					};
				};
			};
			buildConfigurationList = C0F1946D2356112F00A24BDE /* Build configuration list for PBXProject "FigmaGen" */;
			compatibilityVersion = "Xcode 11.0";
			developmentRegion = en;
			hasScannedForEncodings = 0;
			knownRegions = (
				en,
				Base,
			);
			mainGroup = C0F194692356112F00A24BDE;
			productRefGroup = C0F194732356112F00A24BDE /* Products */;
			projectDirPath = "";
			projectRoot = "";
			targets = (
				C0F195F22356256A00A24BDE /* FigmaGen */,
				C0F1947F2356117200A24BDE /* FigmaGenTests */,
			);
		};
/* End PBXProject section */

/* Begin PBXResourcesBuildPhase section */
		C0F1947E2356117200A24BDE /* Resources */ = {
			isa = PBXResourcesBuildPhase;
			buildActionMask = 2147483647;
			files = (
			);
			runOnlyForDeploymentPostprocessing = 0;
		};
		C0F195F12356256A00A24BDE /* Resources */ = {
			isa = PBXResourcesBuildPhase;
			buildActionMask = 2147483647;
			files = (
				C0E0CA34236C7F5E004BA240 /* Colors.stencil in Resources */,
				C0E0CA35236C7F61004BA240 /* TextStyles.stencil in Resources */,
				C0778EA823620A2300D020FB /* Templates in Resources */,
			);
			runOnlyForDeploymentPostprocessing = 0;
		};
/* End PBXResourcesBuildPhase section */

/* Begin PBXShellScriptBuildPhase section */
		81F63CC1931A9DBF2F49D195 /* [CP] Check Pods Manifest.lock */ = {
			isa = PBXShellScriptBuildPhase;
			buildActionMask = 2147483647;
			files = (
			);
			inputFileListPaths = (
			);
			inputPaths = (
				"${PODS_PODFILE_DIR_PATH}/Podfile.lock",
				"${PODS_ROOT}/Manifest.lock",
			);
			name = "[CP] Check Pods Manifest.lock";
			outputFileListPaths = (
			);
			outputPaths = (
				"$(DERIVED_FILE_DIR)/Pods-FigmaGen-checkManifestLockResult.txt",
			);
			runOnlyForDeploymentPostprocessing = 0;
			shellPath = /bin/sh;
			shellScript = "diff \"${PODS_PODFILE_DIR_PATH}/Podfile.lock\" \"${PODS_ROOT}/Manifest.lock\" > /dev/null\nif [ $? != 0 ] ; then\n    # print error to STDERR\n    echo \"error: The sandbox is not in sync with the Podfile.lock. Run 'pod install' or update your CocoaPods installation.\" >&2\n    exit 1\nfi\n# This output is used by Xcode 'outputs' to avoid re-running this script phase.\necho \"SUCCESS\" > \"${SCRIPT_OUTPUT_FILE_0}\"\n";
			showEnvVarsInLog = 0;
		};
		9B23ECA6DC2B9C50594433B3 /* [CP] Check Pods Manifest.lock */ = {
			isa = PBXShellScriptBuildPhase;
			buildActionMask = 2147483647;
			files = (
			);
			inputFileListPaths = (
			);
			inputPaths = (
				"${PODS_PODFILE_DIR_PATH}/Podfile.lock",
				"${PODS_ROOT}/Manifest.lock",
			);
			name = "[CP] Check Pods Manifest.lock";
			outputFileListPaths = (
			);
			outputPaths = (
				"$(DERIVED_FILE_DIR)/Pods-FigmaGenTests-checkManifestLockResult.txt",
			);
			runOnlyForDeploymentPostprocessing = 0;
			shellPath = /bin/sh;
			shellScript = "diff \"${PODS_PODFILE_DIR_PATH}/Podfile.lock\" \"${PODS_ROOT}/Manifest.lock\" > /dev/null\nif [ $? != 0 ] ; then\n    # print error to STDERR\n    echo \"error: The sandbox is not in sync with the Podfile.lock. Run 'pod install' or update your CocoaPods installation.\" >&2\n    exit 1\nfi\n# This output is used by Xcode 'outputs' to avoid re-running this script phase.\necho \"SUCCESS\" > \"${SCRIPT_OUTPUT_FILE_0}\"\n";
			showEnvVarsInLog = 0;
		};
		C085A5A923562B7300C56581 /* SwiftLint */ = {
			isa = PBXShellScriptBuildPhase;
			buildActionMask = 2147483647;
			files = (
			);
			inputFileListPaths = (
			);
			inputPaths = (
			);
			name = SwiftLint;
			outputFileListPaths = (
			);
			outputPaths = (
			);
			runOnlyForDeploymentPostprocessing = 0;
			shellPath = /bin/sh;
			shellScript = "if [[ ! $CI && ! $SKIP_SWIFTLINT ]]; then\n  \"${PODS_ROOT}/SwiftLint/swiftlint\" --no-cache\nfi\n";
		};
		DF0FDF8C68F3D10D53E3B490 /* [CP] Embed Pods Frameworks */ = {
			isa = PBXShellScriptBuildPhase;
			buildActionMask = 2147483647;
			files = (
			);
			inputFileListPaths = (
				"${PODS_ROOT}/Target Support Files/Pods-FigmaGen/Pods-FigmaGen-frameworks-${CONFIGURATION}-input-files.xcfilelist",
			);
			name = "[CP] Embed Pods Frameworks";
			outputFileListPaths = (
				"${PODS_ROOT}/Target Support Files/Pods-FigmaGen/Pods-FigmaGen-frameworks-${CONFIGURATION}-output-files.xcfilelist",
			);
			runOnlyForDeploymentPostprocessing = 0;
			shellPath = /bin/sh;
			shellScript = "\"${PODS_ROOT}/Target Support Files/Pods-FigmaGen/Pods-FigmaGen-frameworks.sh\"\n";
			showEnvVarsInLog = 0;
		};
/* End PBXShellScriptBuildPhase section */

/* Begin PBXSourcesBuildPhase section */
		C0F1947C2356117200A24BDE /* Sources */ = {
			isa = PBXSourcesBuildPhase;
			buildActionMask = 2147483647;
			files = (
				C0F194832356117200A24BDE /* FigmaGenTests.swift in Sources */,
			);
			runOnlyForDeploymentPostprocessing = 0;
		};
		C0F195EF2356256A00A24BDE /* Sources */ = {
			isa = PBXSourcesBuildPhase;
			buildActionMask = 2147483647;
			files = (
				C0A4A161235F5A390063FBE4 /* FigmaStrokeAlignment.swift in Sources */,
				C0A4A177235F5A390063FBE4 /* FigmaScaleMode.swift in Sources */,
				C0A4A18B235F5A390063FBE4 /* FigmaEffectType.swift in Sources */,
				C05FD33A235CBBE90042552E /* SingleValueDecodingContainer+Extensions.swift in Sources */,
				C0A4A169235F5A390063FBE4 /* FigmaDocumentNodeInfo.swift in Sources */,
				C05FD336235CBBE90042552E /* UnkeyedDecodingContainer+Extensions.swift in Sources */,
				C0A4A19C235F5ACA0063FBE4 /* DefaultFigmaAPIProvider.swift in Sources */,
				C05FD33C235CBBE90042552E /* KeyedDecodingContainerProtocol+Extensions.swift in Sources */,
				C0AF9F5823686E5200BE7DE8 /* TextStylesProvider.swift in Sources */,
				C0A4A18C235F5A390063FBE4 /* FigmaImageFormat.swift in Sources */,
				C0778EAD2362F21C00D020FB /* TemplateType.swift in Sources */,
				C0A4A1A3235FA7880063FBE4 /* Sequence+Extensions.swift in Sources */,
				C0A4A173235F5A390063FBE4 /* FigmaBooleanOperationNodePayload.swift in Sources */,
				C0E0CB6B236C8D6A004BA240 /* FloatingPoint+Extensions.swift in Sources */,
				C0A4A183235F5A390063FBE4 /* FigmaStrokeCap.swift in Sources */,
				C0778EA12361CAAC00D020FB /* DefaultColorsRenderer.swift in Sources */,
				C0A4A17A235F5A390063FBE4 /* FigmaLayoutVerticalConstraint.swift in Sources */,
				C0AF9F5A23686E7700BE7DE8 /* TextStyle.swift in Sources */,
				C0AF9F6023686F1900BE7DE8 /* TextStylesCommand.swift in Sources */,
				C0A4A19E235F6ABA0063FBE4 /* ColorsError.swift in Sources */,
				C0A4A176235F5A390063FBE4 /* FigmaTypeStyle.swift in Sources */,
				C0778EA02361CAAC00D020FB /* ColorsRenderer.swift in Sources */,
				C0A4A197235F5AC40063FBE4 /* ColorsProvider.swift in Sources */,
				C0A4A181235F5A390063FBE4 /* FigmaEasingType.swift in Sources */,
				C0A4A172235F5A390063FBE4 /* FigmaVectorNodeInfo.swift in Sources */,
				C0A4A166235F5A390063FBE4 /* FigmaFrameNodeInfo.swift in Sources */,
				C06B03D223633B0400DC2754 /* Routable+Extensions.swift in Sources */,
				C0A4A182235F5A390063FBE4 /* FigmaColorStop.swift in Sources */,
				C06B03CC236302C900DC2754 /* ProcessInfo+Extensions.swift in Sources */,
				C06EC14E2371AF790086B2D1 /* Configuration.swift in Sources */,
				C0A4A17D235F5A390063FBE4 /* FigmaLayoutGridAlignment.swift in Sources */,
				C0E034E52372EDFC004BE218 /* GenerateServices.swift in Sources */,
				C0A4A170235F5A390063FBE4 /* FigmaInstanceNodePayload.swift in Sources */,
				C0A4A16E235F5A390063FBE4 /* FigmaCanvasNodeInfo.swift in Sources */,
				C0A7A16123687A410087A369 /* DefaultTextStylesRenderer.swift in Sources */,
				C0A7A15F236874360087A369 /* DefaultTextStylesProvider.swift in Sources */,
				C0A4A174235F5A390063FBE4 /* FigmaLayoutGrid.swift in Sources */,
				C0A4A187235F5A390063FBE4 /* FigmaTextCase.swift in Sources */,
				C0A4A171235F5A390063FBE4 /* FigmaNode.swift in Sources */,
				C0A4A18A235F5A390063FBE4 /* FigmaStyle.swift in Sources */,
				C0AF9F5423685F4100BE7DE8 /* DefaultNodesExtractor.swift in Sources */,
				C0A4A190235F5A390063FBE4 /* FigmaConstraint.swift in Sources */,
				C0A4A184235F5A390063FBE4 /* FigmaLayoutGridPattern.swift in Sources */,
				C0A4A189235F5A390063FBE4 /* FigmaTextDecoration.swift in Sources */,
				C0A4A160235F5A390063FBE4 /* FigmaExportSetting.swift in Sources */,
				C0A4A164235F5A390063FBE4 /* FigmaPaint.swift in Sources */,
				C0F610FE236341B200960CD8 /* CLI+Extensions.swift in Sources */,
				C0F775AE235846CC00389DD2 /* FigmaAPIRoute.swift in Sources */,
				C00380B02358929700E57CCE /* FigmaAPIProvider.swift in Sources */,
				C0B5CA632372D3F7007A4B83 /* TextStylesGenerator.swift in Sources */,
				C06B03CE2363301F00DC2754 /* ColorsServices.swift in Sources */,
				C0A4A188235F5A390063FBE4 /* FigmaConstraintType.swift in Sources */,
				C0E034F123730607004BE218 /* BaseConfiguration.swift in Sources */,
				C0A4A18D235F5A390063FBE4 /* FigmaRectangle.swift in Sources */,
				C0A4A17B235F5A390063FBE4 /* FigmaColor.swift in Sources */,
				C0F196012356260100A24BDE /* main.swift in Sources */,
				C0A4A191235F5A390063FBE4 /* Color.swift in Sources */,
				C0778EA62362060100D020FB /* Path+Extensions.swift in Sources */,
				C0A7A163236891E70087A369 /* TextStylesError.swift in Sources */,
				C0A4A18E235F5A390063FBE4 /* FigmaPaintType.swift in Sources */,
				C0778EAB2362E8D200D020FB /* ColorsCommand.swift in Sources */,
				C0A4A178235F5A390063FBE4 /* FigmaEffect.swift in Sources */,
				C0A4A16C235F5A390063FBE4 /* FigmaRectangleNodePayload.swift in Sources */,
				C0A4A17C235F5A390063FBE4 /* FigmaVector.swift in Sources */,
				C0F775B0235846E400389DD2 /* FigmaAPIVersion.swift in Sources */,
				C06EC1612371C8CA0086B2D1 /* GenerateCommand.swift in Sources */,
				C0A4A165235F5A390063FBE4 /* FigmaFrameOffset.swift in Sources */,
				C0A4A175235F5A390063FBE4 /* FigmaLineHeightUnit.swift in Sources */,
				C0E034F723730E53004BE218 /* ConfigurationError.swift in Sources */,
				C06EC1512371B0CA0086B2D1 /* StepConfiguration.swift in Sources */,
				C0A4A185235F5A390063FBE4 /* FigmaLayoutConstraint.swift in Sources */,
				C0AF9F62236870D200BE7DE8 /* TextStylesRenderer.swift in Sources */,
				C0A4A179235F5A390063FBE4 /* FigmaBlendMode.swift in Sources */,
				C0A4A199235F5AC40063FBE4 /* DefaultColorsProvider.swift in Sources */,
				C06EC15B2371C6820086B2D1 /* ColorsGenerator.swift in Sources */,
				C0A4A17F235F5A390063FBE4 /* FigmaLayoutHorizontalConstraint.swift in Sources */,
				C0A4A163235F5A390063FBE4 /* FigmaTextVerticalAlignment.swift in Sources */,
				C0A4A16B235F5A390063FBE4 /* FigmaFile.swift in Sources */,
				C0FE20712395E0DE003A6701 /* NodesError.swift in Sources */,
				C06B053023633E9200DC2754 /* Services.swift in Sources */,
				C0A4A180235F5A390063FBE4 /* FigmaComponent.swift in Sources */,
				C05FD353235CC33E0042552E /* FigmaAPIFileRoute.swift in Sources */,
				C0A4A167235F5A390063FBE4 /* FigmaTextNodePayload.swift in Sources */,
				C0A4A162235F5A390063FBE4 /* FigmaStyleType.swift in Sources */,
				C0A4A18F235F5A390063FBE4 /* FigmaBooleanOperationType.swift in Sources */,
				C0A4A186235F5A390063FBE4 /* FigmaTextHorizontalAlignment.swift in Sources */,
				C0AF9F5223685F2600BE7DE8 /* NodesExtractor.swift in Sources */,
				C0A4A17E235F5A390063FBE4 /* FigmaStrokeJoin.swift in Sources */,
				C0A4A168235F5A390063FBE4 /* FigmaNodeType.swift in Sources */,
				C0F775B22358473A00389DD2 /* FigmaAPIHTTPMethod.swift in Sources */,
				C06EC1572371B4850086B2D1 /* TextStylesServices.swift in Sources */,
				C0A4A16F235F5A390063FBE4 /* FigmaSliceNodeInfo.swift in Sources */,
			);
			runOnlyForDeploymentPostprocessing = 0;
		};
/* End PBXSourcesBuildPhase section */

/* Begin PBXTargetDependency section */
		C085A5AB2356328C00C56581 /* PBXTargetDependency */ = {
			isa = PBXTargetDependency;
			target = C0F195F22356256A00A24BDE /* FigmaGen */;
			targetProxy = C085A5AA2356328C00C56581 /* PBXContainerItemProxy */;
		};
/* End PBXTargetDependency section */

/* Begin XCBuildConfiguration section */
		C0F194772356112F00A24BDE /* Debug */ = {
			isa = XCBuildConfiguration;
			buildSettings = {
				ALWAYS_SEARCH_USER_PATHS = NO;
				CLANG_ANALYZER_NONNULL = YES;
				CLANG_ANALYZER_NUMBER_OBJECT_CONVERSION = YES_AGGRESSIVE;
				CLANG_CXX_LANGUAGE_STANDARD = "gnu++14";
				CLANG_CXX_LIBRARY = "libc++";
				CLANG_ENABLE_MODULES = YES;
				CLANG_ENABLE_OBJC_ARC = YES;
				CLANG_ENABLE_OBJC_WEAK = YES;
				CLANG_WARN_BLOCK_CAPTURE_AUTORELEASING = YES;
				CLANG_WARN_BOOL_CONVERSION = YES;
				CLANG_WARN_COMMA = YES;
				CLANG_WARN_CONSTANT_CONVERSION = YES;
				CLANG_WARN_DEPRECATED_OBJC_IMPLEMENTATIONS = YES;
				CLANG_WARN_DIRECT_OBJC_ISA_USAGE = YES_ERROR;
				CLANG_WARN_DOCUMENTATION_COMMENTS = YES;
				CLANG_WARN_EMPTY_BODY = YES;
				CLANG_WARN_ENUM_CONVERSION = YES;
				CLANG_WARN_INFINITE_RECURSION = YES;
				CLANG_WARN_INT_CONVERSION = YES;
				CLANG_WARN_NON_LITERAL_NULL_CONVERSION = YES;
				CLANG_WARN_OBJC_IMPLICIT_RETAIN_SELF = YES;
				CLANG_WARN_OBJC_LITERAL_CONVERSION = YES;
				CLANG_WARN_OBJC_ROOT_CLASS = YES_ERROR;
				CLANG_WARN_RANGE_LOOP_ANALYSIS = YES;
				CLANG_WARN_STRICT_PROTOTYPES = YES;
				CLANG_WARN_SUSPICIOUS_MOVE = YES;
				CLANG_WARN_UNGUARDED_AVAILABILITY = YES_AGGRESSIVE;
				CLANG_WARN_UNREACHABLE_CODE = YES;
				CLANG_WARN__DUPLICATE_METHOD_MATCH = YES;
				COPY_PHASE_STRIP = NO;
				DEBUG_INFORMATION_FORMAT = dwarf;
				ENABLE_STRICT_OBJC_MSGSEND = YES;
				ENABLE_TESTABILITY = YES;
				GCC_C_LANGUAGE_STANDARD = gnu11;
				GCC_DYNAMIC_NO_PIC = NO;
				GCC_NO_COMMON_BLOCKS = YES;
				GCC_OPTIMIZATION_LEVEL = 0;
				GCC_PREPROCESSOR_DEFINITIONS = (
					"DEBUG=1",
					"$(inherited)",
				);
				GCC_WARN_64_TO_32_BIT_CONVERSION = YES;
				GCC_WARN_ABOUT_RETURN_TYPE = YES_ERROR;
				GCC_WARN_UNDECLARED_SELECTOR = YES;
				GCC_WARN_UNINITIALIZED_AUTOS = YES_AGGRESSIVE;
				GCC_WARN_UNUSED_FUNCTION = YES;
				GCC_WARN_UNUSED_LABEL = YES;
				GCC_WARN_UNUSED_PARAMETER = YES;
				GCC_WARN_UNUSED_VARIABLE = YES;
				MACOSX_DEPLOYMENT_TARGET = 10.12;
				MTL_ENABLE_DEBUG_INFO = INCLUDE_SOURCE;
				MTL_FAST_MATH = YES;
				ONLY_ACTIVE_ARCH = YES;
				SDKROOT = macosx;
				SWIFT_ACTIVE_COMPILATION_CONDITIONS = DEBUG;
				SWIFT_OPTIMIZATION_LEVEL = "-Onone";
			};
			name = Debug;
		};
		C0F194782356112F00A24BDE /* Release */ = {
			isa = XCBuildConfiguration;
			buildSettings = {
				ALWAYS_SEARCH_USER_PATHS = NO;
				CLANG_ANALYZER_NONNULL = YES;
				CLANG_ANALYZER_NUMBER_OBJECT_CONVERSION = YES_AGGRESSIVE;
				CLANG_CXX_LANGUAGE_STANDARD = "gnu++14";
				CLANG_CXX_LIBRARY = "libc++";
				CLANG_ENABLE_MODULES = YES;
				CLANG_ENABLE_OBJC_ARC = YES;
				CLANG_ENABLE_OBJC_WEAK = YES;
				CLANG_WARN_BLOCK_CAPTURE_AUTORELEASING = YES;
				CLANG_WARN_BOOL_CONVERSION = YES;
				CLANG_WARN_COMMA = YES;
				CLANG_WARN_CONSTANT_CONVERSION = YES;
				CLANG_WARN_DEPRECATED_OBJC_IMPLEMENTATIONS = YES;
				CLANG_WARN_DIRECT_OBJC_ISA_USAGE = YES_ERROR;
				CLANG_WARN_DOCUMENTATION_COMMENTS = YES;
				CLANG_WARN_EMPTY_BODY = YES;
				CLANG_WARN_ENUM_CONVERSION = YES;
				CLANG_WARN_INFINITE_RECURSION = YES;
				CLANG_WARN_INT_CONVERSION = YES;
				CLANG_WARN_NON_LITERAL_NULL_CONVERSION = YES;
				CLANG_WARN_OBJC_IMPLICIT_RETAIN_SELF = YES;
				CLANG_WARN_OBJC_LITERAL_CONVERSION = YES;
				CLANG_WARN_OBJC_ROOT_CLASS = YES_ERROR;
				CLANG_WARN_RANGE_LOOP_ANALYSIS = YES;
				CLANG_WARN_STRICT_PROTOTYPES = YES;
				CLANG_WARN_SUSPICIOUS_MOVE = YES;
				CLANG_WARN_UNGUARDED_AVAILABILITY = YES_AGGRESSIVE;
				CLANG_WARN_UNREACHABLE_CODE = YES;
				CLANG_WARN__DUPLICATE_METHOD_MATCH = YES;
				COPY_PHASE_STRIP = NO;
				DEBUG_INFORMATION_FORMAT = "dwarf-with-dsym";
				ENABLE_NS_ASSERTIONS = NO;
				ENABLE_STRICT_OBJC_MSGSEND = YES;
				GCC_C_LANGUAGE_STANDARD = gnu11;
				GCC_NO_COMMON_BLOCKS = YES;
				GCC_WARN_64_TO_32_BIT_CONVERSION = YES;
				GCC_WARN_ABOUT_RETURN_TYPE = YES_ERROR;
				GCC_WARN_UNDECLARED_SELECTOR = YES;
				GCC_WARN_UNINITIALIZED_AUTOS = YES_AGGRESSIVE;
				GCC_WARN_UNUSED_FUNCTION = YES;
				GCC_WARN_UNUSED_LABEL = YES;
				GCC_WARN_UNUSED_PARAMETER = YES;
				GCC_WARN_UNUSED_VARIABLE = YES;
				MACOSX_DEPLOYMENT_TARGET = 10.12;
				MTL_ENABLE_DEBUG_INFO = NO;
				MTL_FAST_MATH = YES;
				SDKROOT = macosx;
				SWIFT_COMPILATION_MODE = wholemodule;
				SWIFT_OPTIMIZATION_LEVEL = "-O";
			};
			name = Release;
		};
		C0F194852356117200A24BDE /* Debug */ = {
			isa = XCBuildConfiguration;
			baseConfigurationReference = 2EEDD6551CD0211C1EF2367B /* Pods-FigmaGenTests.debug.xcconfig */;
			buildSettings = {
				CODE_SIGN_STYLE = Automatic;
				COMBINE_HIDPI_IMAGES = YES;
				INFOPLIST_FILE = Tests/Info.plist;
				LD_RUNPATH_SEARCH_PATHS = (
					"$(inherited)",
					"@executable_path/../Frameworks",
					"@loader_path/../Frameworks",
				);
				PRODUCT_BUNDLE_IDENTIFIER = ru.hh.FigmaGenTests;
				PRODUCT_NAME = "$(TARGET_NAME)";
				SWIFT_VERSION = 5.1;
			};
			name = Debug;
		};
		C0F194862356117200A24BDE /* Release */ = {
			isa = XCBuildConfiguration;
			baseConfigurationReference = 8E7C17A850D86C8D1A110F2C /* Pods-FigmaGenTests.release.xcconfig */;
			buildSettings = {
				CODE_SIGN_STYLE = Automatic;
				COMBINE_HIDPI_IMAGES = YES;
				INFOPLIST_FILE = Tests/Info.plist;
				LD_RUNPATH_SEARCH_PATHS = (
					"$(inherited)",
					"@executable_path/../Frameworks",
					"@loader_path/../Frameworks",
				);
				PRODUCT_BUNDLE_IDENTIFIER = ru.hh.FigmaGenTests;
				PRODUCT_NAME = "$(TARGET_NAME)";
				SWIFT_VERSION = 5.1;
			};
			name = Release;
		};
		C0F195FF2356256C00A24BDE /* Debug */ = {
			isa = XCBuildConfiguration;
			baseConfigurationReference = EE68917070188EC570F805C2 /* Pods-FigmaGen.debug.xcconfig */;
			buildSettings = {
				ASSETCATALOG_COMPILER_APPICON_NAME = AppIcon;
				CLANG_ANALYZER_NONNULL = YES;
				CLANG_WARN_DOCUMENTATION_COMMENTS = YES;
				CLANG_WARN_SUSPICIOUS_MOVES = YES;
				CODE_SIGN_STYLE = Automatic;
				COMBINE_HIDPI_IMAGES = YES;
				CURRENT_PROJECT_VERSION = 1;
				INFOPLIST_FILE = Resources/Info.plist;
				LD_RUNPATH_SEARCH_PATHS = (
					"$(inherited)",
					"@executable_path/../Frameworks",
				);
				MACOSX_DEPLOYMENT_TARGET = 10.12;
				MARKETING_VERSION = 1.0.0;
				PRODUCT_BUNDLE_IDENTIFIER = ru.hh.FigmaGen;
				PRODUCT_NAME = "$(TARGET_NAME)";
				SWIFT_ACTIVE_COMPILATION_CONDITIONS = DEBUG;
				SWIFT_VERSION = 5.1;
			};
			name = Debug;
		};
		C0F196002356256C00A24BDE /* Release */ = {
			isa = XCBuildConfiguration;
			baseConfigurationReference = 79A9EBE6548AF631B5702EDE /* Pods-FigmaGen.release.xcconfig */;
			buildSettings = {
				ASSETCATALOG_COMPILER_APPICON_NAME = AppIcon;
				CLANG_ANALYZER_NONNULL = YES;
				CLANG_WARN_DOCUMENTATION_COMMENTS = YES;
				CLANG_WARN_SUSPICIOUS_MOVES = YES;
				CODE_SIGN_STYLE = Automatic;
				COMBINE_HIDPI_IMAGES = YES;
				CURRENT_PROJECT_VERSION = 1;
				INFOPLIST_FILE = Resources/Info.plist;
				LD_RUNPATH_SEARCH_PATHS = (
					"$(inherited)",
					"@executable_path/../Frameworks",
				);
				MACOSX_DEPLOYMENT_TARGET = 10.12;
				MARKETING_VERSION = 1.0.0;
				PRODUCT_BUNDLE_IDENTIFIER = ru.hh.FigmaGen;
				PRODUCT_NAME = "$(TARGET_NAME)";
				SWIFT_VERSION = 5.1;
			};
			name = Release;
		};
/* End XCBuildConfiguration section */

/* Begin XCConfigurationList section */
		C0F1946D2356112F00A24BDE /* Build configuration list for PBXProject "FigmaGen" */ = {
			isa = XCConfigurationList;
			buildConfigurations = (
				C0F194772356112F00A24BDE /* Debug */,
				C0F194782356112F00A24BDE /* Release */,
			);
			defaultConfigurationIsVisible = 0;
			defaultConfigurationName = Release;
		};
		C0F194872356117200A24BDE /* Build configuration list for PBXNativeTarget "FigmaGenTests" */ = {
			isa = XCConfigurationList;
			buildConfigurations = (
				C0F194852356117200A24BDE /* Debug */,
				C0F194862356117200A24BDE /* Release */,
			);
			defaultConfigurationIsVisible = 0;
			defaultConfigurationName = Release;
		};
		C0F195FE2356256C00A24BDE /* Build configuration list for PBXNativeTarget "FigmaGen" */ = {
			isa = XCConfigurationList;
			buildConfigurations = (
				C0F195FF2356256C00A24BDE /* Debug */,
				C0F196002356256C00A24BDE /* Release */,
			);
			defaultConfigurationIsVisible = 0;
			defaultConfigurationName = Release;
		};
/* End XCConfigurationList section */
	};
	rootObject = C0F1946A2356112F00A24BDE /* Project object */;
}
